// !$*UTF8*$!
{
	archiveVersion = 1;
	classes = {
	};
	objectVersion = 51;
	objects = {

/* Begin PBXBuildFile section */
		3258C15226B8D601006892A6 /* StoreSearchTableViewController.swift in Sources */ = {isa = PBXBuildFile; fileRef = 3258C15126B8D601006892A6 /* StoreSearchTableViewController.swift */; };
		3258C15526B8D635006892A6 /* StoreSearchClickViewController.swift in Sources */ = {isa = PBXBuildFile; fileRef = 3258C15426B8D635006892A6 /* StoreSearchClickViewController.swift */; };
		3258C15826B8D6A3006892A6 /* StoreSearchTableViewCell.swift in Sources */ = {isa = PBXBuildFile; fileRef = 3258C15726B8D6A3006892A6 /* StoreSearchTableViewCell.swift */; };
		3258C15E26B8E16E006892A6 /* StoreSearchModel.swift in Sources */ = {isa = PBXBuildFile; fileRef = 3258C15D26B8E16E006892A6 /* StoreSearchModel.swift */; };
		4F2C597926C0614A0002763A /* GiftCardPayViewController.swift in Sources */ = {isa = PBXBuildFile; fileRef = 4F2C597126C0614A0002763A /* GiftCardPayViewController.swift */; };
		4F2C597A26C0614A0002763A /* GiftCardPayDetailViewController.swift in Sources */ = {isa = PBXBuildFile; fileRef = 4F2C597226C0614A0002763A /* GiftCardPayDetailViewController.swift */; };
		4F2C597B26C0614A0002763A /* GiftMainViewController.swift in Sources */ = {isa = PBXBuildFile; fileRef = 4F2C597326C0614A0002763A /* GiftMainViewController.swift */; };
		4F2C597C26C0614A0002763A /* GiftCardTableViewCell.swift in Sources */ = {isa = PBXBuildFile; fileRef = 4F2C597426C0614A0002763A /* GiftCardTableViewCell.swift */; };
		4F2C597D26C0614A0002763A /* GiftCardListViewController.swift in Sources */ = {isa = PBXBuildFile; fileRef = 4F2C597526C0614A0002763A /* GiftCardListViewController.swift */; };
		4F2C597E26C0614A0002763A /* GiftCardCollectionViewCell.swift in Sources */ = {isa = PBXBuildFile; fileRef = 4F2C597626C0614A0002763A /* GiftCardCollectionViewCell.swift */; };
		4F2C597F26C0614A0002763A /* CardPayListTableViewCell.swift in Sources */ = {isa = PBXBuildFile; fileRef = 4F2C597726C0614A0002763A /* CardPayListTableViewCell.swift */; };
		4F2C598026C0614A0002763A /* GiftCardItemViewController.swift in Sources */ = {isa = PBXBuildFile; fileRef = 4F2C597826C0614A0002763A /* GiftCardItemViewController.swift */; };
		4F2C598226C063350002763A /* CardModel.swift in Sources */ = {isa = PBXBuildFile; fileRef = 4F2C598126C063350002763A /* CardModel.swift */; };
		4F2C598426C063480002763A /* TestModel.swift in Sources */ = {isa = PBXBuildFile; fileRef = 4F2C598326C063480002763A /* TestModel.swift */; };
		4F2C598626C063890002763A /* PaidCardList.swift in Sources */ = {isa = PBXBuildFile; fileRef = 4F2C598526C063890002763A /* PaidCardList.swift */; };
		4F2C598826C063BB0002763A /* GiftSend.swift in Sources */ = {isa = PBXBuildFile; fileRef = 4F2C598726C063BB0002763A /* GiftSend.swift */; };
		4F2C598A26C063C40002763A /* GiftUserCheck.swift in Sources */ = {isa = PBXBuildFile; fileRef = 4F2C598926C063C40002763A /* GiftUserCheck.swift */; };
		4F2C598C26C064480002763A /* GiftCardList.swift in Sources */ = {isa = PBXBuildFile; fileRef = 4F2C598B26C064480002763A /* GiftCardList.swift */; };
		5E4AB2B60D49CA78EAC2D69E /* Pods_IOS_SirenOrder.framework in Frameworks */ = {isa = PBXBuildFile; fileRef = A08F0ADDDE1E5AACCD89525E /* Pods_IOS_SirenOrder.framework */; };
		6980B01E26B585690048DAAB /* NoticeTableViewController.swift in Sources */ = {isa = PBXBuildFile; fileRef = 6980B00D26B585690048DAAB /* NoticeTableViewController.swift */; };
		6980B01F26B585690048DAAB /* HistoryTableViewCell.swift in Sources */ = {isa = PBXBuildFile; fileRef = 6980B00E26B585690048DAAB /* HistoryTableViewCell.swift */; };
		6980B02026B585690048DAAB /* OtherTableViewController.swift in Sources */ = {isa = PBXBuildFile; fileRef = 6980B00F26B585690048DAAB /* OtherTableViewController.swift */; };
		6980B02126B585690048DAAB /* PersonalViewController.swift in Sources */ = {isa = PBXBuildFile; fileRef = 6980B01026B585690048DAAB /* PersonalViewController.swift */; };
		6980B02226B585690048DAAB /* MapViewController.swift in Sources */ = {isa = PBXBuildFile; fileRef = 6980B01126B585690048DAAB /* MapViewController.swift */; };
		6980B02326B585690048DAAB /* QnAViewController.swift in Sources */ = {isa = PBXBuildFile; fileRef = 6980B01226B585690048DAAB /* QnAViewController.swift */; };
		6980B02426B585690048DAAB /* GiftCardViewController.swift in Sources */ = {isa = PBXBuildFile; fileRef = 6980B01326B585690048DAAB /* GiftCardViewController.swift */; };
		6980B02526B585690048DAAB /* ReceiptViewController.swift in Sources */ = {isa = PBXBuildFile; fileRef = 6980B01426B585690048DAAB /* ReceiptViewController.swift */; };
		6980B02626B585690048DAAB /* NoticeTableViewCell.swift in Sources */ = {isa = PBXBuildFile; fileRef = 6980B01526B585690048DAAB /* NoticeTableViewCell.swift */; };
		6980B02726B585690048DAAB /* HistoryViewController.swift in Sources */ = {isa = PBXBuildFile; fileRef = 6980B01626B585690048DAAB /* HistoryViewController.swift */; };
		6980B02826B585690048DAAB /* ManualViewController.swift in Sources */ = {isa = PBXBuildFile; fileRef = 6980B01726B585690048DAAB /* ManualViewController.swift */; };
		6980B02926B585690048DAAB /* HistoryListModel.swift in Sources */ = {isa = PBXBuildFile; fileRef = 6980B01926B585690048DAAB /* HistoryListModel.swift */; };
		6980B02A26B585690048DAAB /* OrderModel.swift in Sources */ = {isa = PBXBuildFile; fileRef = 6980B01B26B585690048DAAB /* OrderModel.swift */; };
		6980B02B26B585690048DAAB /* UserModel.swift in Sources */ = {isa = PBXBuildFile; fileRef = 6980B01C26B585690048DAAB /* UserModel.swift */; };
		6980B02C26B585690048DAAB /* DrinkModel.swift in Sources */ = {isa = PBXBuildFile; fileRef = 6980B01D26B585690048DAAB /* DrinkModel.swift */; };
		69E573EA26B92F430064CF83 /* HistoryDetailViewController.swift in Sources */ = {isa = PBXBuildFile; fileRef = 69E573E926B92F430064CF83 /* HistoryDetailViewController.swift */; };
		69E573EE26BA7C770064CF83 /* ReceiptTableViewCell.swift in Sources */ = {isa = PBXBuildFile; fileRef = 69E573ED26BA7C770064CF83 /* ReceiptTableViewCell.swift */; };
		69E573F026BAC35E0064CF83 /* HistoryModel.swift in Sources */ = {isa = PBXBuildFile; fileRef = 69E573EF26BAC35E0064CF83 /* HistoryModel.swift */; };
		69E573F226BAC3680064CF83 /* ReceiptModel.swift in Sources */ = {isa = PBXBuildFile; fileRef = 69E573F126BAC3680064CF83 /* ReceiptModel.swift */; };
		69E573F426BAC4100064CF83 /* ReceiptListModel.swift in Sources */ = {isa = PBXBuildFile; fileRef = 69E573F326BAC4100064CF83 /* ReceiptListModel.swift */; };
		69E573F626BAC5D30064CF83 /* ReceiptDetailViewController.swift in Sources */ = {isa = PBXBuildFile; fileRef = 69E573F526BAC5D30064CF83 /* ReceiptDetailViewController.swift */; };
		69E573F826BD1C250064CF83 /* SettingTableViewController.swift in Sources */ = {isa = PBXBuildFile; fileRef = 69E573F726BD1C250064CF83 /* SettingTableViewController.swift */; };
		69E573FD26BD32F80064CF83 /* VersionViewController.swift in Sources */ = {isa = PBXBuildFile; fileRef = 69E573FC26BD32F80064CF83 /* VersionViewController.swift */; };
		69E5740326BD39590064CF83 /* LocationList.swift in Sources */ = {isa = PBXBuildFile; fileRef = 69E5740226BD39590064CF83 /* LocationList.swift */; };
		69E5740526BD962B0064CF83 /* MemberDeleteViewController.swift in Sources */ = {isa = PBXBuildFile; fileRef = 69E5740426BD962B0064CF83 /* MemberDeleteViewController.swift */; };
		69E5740726BD9B000064CF83 /* CheckTableViewCell.swift in Sources */ = {isa = PBXBuildFile; fileRef = 69E5740626BD9B000064CF83 /* CheckTableViewCell.swift */; };
		69E5740926BE43780064CF83 /* SettingViewController.swift in Sources */ = {isa = PBXBuildFile; fileRef = 69E5740826BE43780064CF83 /* SettingViewController.swift */; };
		69E5740B26BE6BFD0064CF83 /* LocationPermissionViewController.swift in Sources */ = {isa = PBXBuildFile; fileRef = 69E5740A26BE6BFD0064CF83 /* LocationPermissionViewController.swift */; };
		701CF71526BDBA4F00BF9B53 /* DrinkDetailInfoButtonModel.swift in Sources */ = {isa = PBXBuildFile; fileRef = 701CF71426BDBA4F00BF9B53 /* DrinkDetailInfoButtonModel.swift */; };
		701CF71B26BDD0CA00BF9B53 /* NutritionViewController.swift in Sources */ = {isa = PBXBuildFile; fileRef = 701CF71A26BDD0CA00BF9B53 /* NutritionViewController.swift */; };
		701CF71D26BDD10800BF9B53 /* DrinkDetailInfoNutritionModel.swift in Sources */ = {isa = PBXBuildFile; fileRef = 701CF71C26BDD10800BF9B53 /* DrinkDetailInfoNutritionModel.swift */; };
		701E9C8E26B2B8550008F6F5 /* ExplainViewController.swift in Sources */ = {isa = PBXBuildFile; fileRef = 701E9C8D26B2B8550008F6F5 /* ExplainViewController.swift */; };
		70297A4E26BEEC6E004DDE12 /* SearchViewController.swift in Sources */ = {isa = PBXBuildFile; fileRef = 70297A4D26BEEC6E004DDE12 /* SearchViewController.swift */; };
		70297A5226BEF013004DDE12 /* SearchDetailTableViewCell.swift in Sources */ = {isa = PBXBuildFile; fileRef = 70297A5126BEF013004DDE12 /* SearchDetailTableViewCell.swift */; };
		70297A5426BF2FAC004DDE12 /* SearchDetailModel.swift in Sources */ = {isa = PBXBuildFile; fileRef = 70297A5326BF2FAC004DDE12 /* SearchDetailModel.swift */; };
		70297A5626BF36A8004DDE12 /* SearchDetailViewController.swift in Sources */ = {isa = PBXBuildFile; fileRef = 70297A5526BF36A8004DDE12 /* SearchDetailViewController.swift */; };
		70297A5826BF43BC004DDE12 /* SearchTableViewCell.swift in Sources */ = {isa = PBXBuildFile; fileRef = 70297A5726BF43BC004DDE12 /* SearchTableViewCell.swift */; };
		708D257126B5C575000FCCD7 /* HomeViewController.swift in Sources */ = {isa = PBXBuildFile; fileRef = 708D257026B5C575000FCCD7 /* HomeViewController.swift */; };
		70A0A54526C04834009A33D9 /* SearchSQLiteModel.swift in Sources */ = {isa = PBXBuildFile; fileRef = 70A0A54426C04834009A33D9 /* SearchSQLiteModel.swift */; };
		70BB20E926BA787000871D85 /* HomeCollectionViewCell.swift in Sources */ = {isa = PBXBuildFile; fileRef = 70BB20E826BA787000871D85 /* HomeCollectionViewCell.swift */; };
		70BB20EB26BA79B200871D85 /* HomeBestModel.swift in Sources */ = {isa = PBXBuildFile; fileRef = 70BB20EA26BA79B200871D85 /* HomeBestModel.swift */; };
		70BB20ED26BA79C200871D85 /* HomeRecommendModel.swift in Sources */ = {isa = PBXBuildFile; fileRef = 70BB20EC26BA79C200871D85 /* HomeRecommendModel.swift */; };
		70BB20EF26BA79D200871D85 /* HomeNewModel.swift in Sources */ = {isa = PBXBuildFile; fileRef = 70BB20EE26BA79D200871D85 /* HomeNewModel.swift */; };
		70D9EAD826B2A0640036255C /* CoverViewController.swift in Sources */ = {isa = PBXBuildFile; fileRef = 70D9EAD726B2A0640036255C /* CoverViewController.swift */; };
		70D9EADA26B2A5A30036255C /* PermissionViewController.swift in Sources */ = {isa = PBXBuildFile; fileRef = 70D9EAD926B2A5A30036255C /* PermissionViewController.swift */; };
		851AF38926BBB3A80093B318 /* DrinkOrderTableViewCell.swift in Sources */ = {isa = PBXBuildFile; fileRef = 851AF38826BBB3A80093B318 /* DrinkOrderTableViewCell.swift */; };
		851AF38D26BBBFC60093B318 /* CartModel.swift in Sources */ = {isa = PBXBuildFile; fileRef = 851AF38C26BBBFC60093B318 /* CartModel.swift */; };
		851AF39126BBEE860093B318 /* OrderSendModel.swift in Sources */ = {isa = PBXBuildFile; fileRef = 851AF39026BBEE860093B318 /* OrderSendModel.swift */; };
		851AF39326BBF2A70093B318 /* CartSelectModel.swift in Sources */ = {isa = PBXBuildFile; fileRef = 851AF39226BBF2A70093B318 /* CartSelectModel.swift */; };
		851AF39526BC14D50093B318 /* CarttAllDeleteModel.swift in Sources */ = {isa = PBXBuildFile; fileRef = 851AF39426BC14D50093B318 /* CarttAllDeleteModel.swift */; };
		851AF39726BC15890093B318 /* CartDeleteModel.swift in Sources */ = {isa = PBXBuildFile; fileRef = 851AF39626BC15890093B318 /* CartDeleteModel.swift */; };
		851AF39926BC1AAA0093B318 /* CartCountUpdateModel.swift in Sources */ = {isa = PBXBuildFile; fileRef = 851AF39826BC1AAA0093B318 /* CartCountUpdateModel.swift */; };
		851AF39D26BC335D0093B318 /* CartPriceModel.swift in Sources */ = {isa = PBXBuildFile; fileRef = 851AF39C26BC335D0093B318 /* CartPriceModel.swift */; };
		851AF3A126BCC2420093B318 /* GiftPriceModel.swift in Sources */ = {isa = PBXBuildFile; fileRef = 851AF3A026BCC2420093B318 /* GiftPriceModel.swift */; };
		851AF3A326BCC26C0093B318 /* GiftModel.swift in Sources */ = {isa = PBXBuildFile; fileRef = 851AF3A226BCC26C0093B318 /* GiftModel.swift */; };
		851AF3A926BCE4980093B318 /* CartCheckModel.swift in Sources */ = {isa = PBXBuildFile; fileRef = 851AF3A826BCE4980093B318 /* CartCheckModel.swift */; };
		851AF3AB26BCF7850093B318 /* CartForUpdateSelectModel.swift in Sources */ = {isa = PBXBuildFile; fileRef = 851AF3AA26BCF7850093B318 /* CartForUpdateSelectModel.swift */; };
		85423B2626B6EEB200FFEF85 /* AllMenuViewController.swift in Sources */ = {isa = PBXBuildFile; fileRef = 85423B2526B6EEB200FFEF85 /* AllMenuViewController.swift */; };
		85423B2826B6EED100FFEF85 /* MyMenuViewController.swift in Sources */ = {isa = PBXBuildFile; fileRef = 85423B2726B6EED100FFEF85 /* MyMenuViewController.swift */; };
		85423B2A26B6F1E700FFEF85 /* OrderViewController.swift in Sources */ = {isa = PBXBuildFile; fileRef = 85423B2926B6F1E700FFEF85 /* OrderViewController.swift */; };
		85423B2D26B6F3B300FFEF85 /* AllMenuTableViewCell.swift in Sources */ = {isa = PBXBuildFile; fileRef = 85423B2C26B6F3B300FFEF85 /* AllMenuTableViewCell.swift */; };
		85423B2F26B6F3FE00FFEF85 /* MyMenuTableViewCell.swift in Sources */ = {isa = PBXBuildFile; fileRef = 85423B2E26B6F3FE00FFEF85 /* MyMenuTableViewCell.swift */; };
		85423B3226B6F6CB00FFEF85 /* ShareVar.swift in Sources */ = {isa = PBXBuildFile; fileRef = 85423B3126B6F6CB00FFEF85 /* ShareVar.swift */; };
		85423B3626B6F7C100FFEF85 /* MyMenuModel.swift in Sources */ = {isa = PBXBuildFile; fileRef = 85423B3526B6F7C100FFEF85 /* MyMenuModel.swift */; };
		85423B3826B6F7EA00FFEF85 /* PersonalModel.swift in Sources */ = {isa = PBXBuildFile; fileRef = 85423B3726B6F7EA00FFEF85 /* PersonalModel.swift */; };
		85423B3A26B6F8C000FFEF85 /* CategoryDetailTableViewCell.swift in Sources */ = {isa = PBXBuildFile; fileRef = 85423B3926B6F8C000FFEF85 /* CategoryDetailTableViewCell.swift */; };
		85423B3E26B6F91C00FFEF85 /* CategoryDetailViewController.swift in Sources */ = {isa = PBXBuildFile; fileRef = 85423B3D26B6F91C00FFEF85 /* CategoryDetailViewController.swift */; };
		85423B4026B6FA4300FFEF85 /* CategoryDetailModel.swift in Sources */ = {isa = PBXBuildFile; fileRef = 85423B3F26B6FA4300FFEF85 /* CategoryDetailModel.swift */; };
		85423B4226B6FB2100FFEF85 /* StoreSettingViewController.swift in Sources */ = {isa = PBXBuildFile; fileRef = 85423B4126B6FB2100FFEF85 /* StoreSettingViewController.swift */; };
		85423B4426B6FB7C00FFEF85 /* AllStoreTableViewController.swift in Sources */ = {isa = PBXBuildFile; fileRef = 85423B4326B6FB7C00FFEF85 /* AllStoreTableViewController.swift */; };
		85423B4626B6FB9700FFEF85 /* FrequentStoreTableViewController.swift in Sources */ = {isa = PBXBuildFile; fileRef = 85423B4526B6FB9700FFEF85 /* FrequentStoreTableViewController.swift */; };
		85423B4826B6FBD200FFEF85 /* AllStoreModel.swift in Sources */ = {isa = PBXBuildFile; fileRef = 85423B4726B6FBD200FFEF85 /* AllStoreModel.swift */; };
		85423B4A26B6FBF700FFEF85 /* LocationModel.swift in Sources */ = {isa = PBXBuildFile; fileRef = 85423B4926B6FBF700FFEF85 /* LocationModel.swift */; };
		85423B4C26B6FC6800FFEF85 /* AllStoreTableViewCell.swift in Sources */ = {isa = PBXBuildFile; fileRef = 85423B4B26B6FC6800FFEF85 /* AllStoreTableViewCell.swift */; };
		85423B4E26B70CD200FFEF85 /* FrequentStoreTableViewCell.swift in Sources */ = {isa = PBXBuildFile; fileRef = 85423B4D26B70CD200FFEF85 /* FrequentStoreTableViewCell.swift */; };
		85423B5026B710F600FFEF85 /* FrequentStoreModel.swift in Sources */ = {isa = PBXBuildFile; fileRef = 85423B4F26B710F500FFEF85 /* FrequentStoreModel.swift */; };
		85423B5226B7169D00FFEF85 /* StoreDetailViewController.swift in Sources */ = {isa = PBXBuildFile; fileRef = 85423B5126B7169D00FFEF85 /* StoreDetailViewController.swift */; };
		8543CDC326BD06FA0057A836 /* ConfirmOrderViewController.swift in Sources */ = {isa = PBXBuildFile; fileRef = 8543CDC226BD06FA0057A836 /* ConfirmOrderViewController.swift */; };
		8543CDC726BD0DDD0057A836 /* ConfirmOrderTableViewCell.swift in Sources */ = {isa = PBXBuildFile; fileRef = 8543CDC626BD0DDD0057A836 /* ConfirmOrderTableViewCell.swift */; };
		8543CDC926BD1F3D0057A836 /* OrderNumModel.swift in Sources */ = {isa = PBXBuildFile; fileRef = 8543CDC826BD1F3D0057A836 /* OrderNumModel.swift */; };
		8543CDCB26BD2A020057A836 /* OrderInsertModel.swift in Sources */ = {isa = PBXBuildFile; fileRef = 8543CDCA26BD2A020057A836 /* OrderInsertModel.swift */; };
		856F78F026BA9BE50092B57C /* SharePersonal.swift in Sources */ = {isa = PBXBuildFile; fileRef = 856F78EF26BA9BE50092B57C /* SharePersonal.swift */; };
		856F78F226BA9C030092B57C /* SharePersonalData.swift in Sources */ = {isa = PBXBuildFile; fileRef = 856F78F126BA9C030092B57C /* SharePersonalData.swift */; };
		856F78F426BAA0950092B57C /* PersonalOptionDetailViewController.swift in Sources */ = {isa = PBXBuildFile; fileRef = 856F78F326BAA0950092B57C /* PersonalOptionDetailViewController.swift */; };
		856F78F626BABD7E0092B57C /* CartViewController.swift in Sources */ = {isa = PBXBuildFile; fileRef = 856F78F526BABD7E0092B57C /* CartViewController.swift */; };
		856F78FA26BAD7D00092B57C /* DrinkOrderViewController.swift in Sources */ = {isa = PBXBuildFile; fileRef = 856F78F926BAD7D00092B57C /* DrinkOrderViewController.swift */; };
		856F78FE26BAD86F0092B57C /* ShareOrder.swift in Sources */ = {isa = PBXBuildFile; fileRef = 856F78FD26BAD86F0092B57C /* ShareOrder.swift */; };
		856F790226BAE32E0092B57C /* CartCountModel.swift in Sources */ = {isa = PBXBuildFile; fileRef = 856F790126BAE32E0092B57C /* CartCountModel.swift */; };
		856F790426BAEF9C0092B57C /* CartTableViewCell.swift in Sources */ = {isa = PBXBuildFile; fileRef = 856F790326BAEF9C0092B57C /* CartTableViewCell.swift */; };
		857011D826BDF45000C5C9B2 /* DrinkDetailInfoModel.swift in Sources */ = {isa = PBXBuildFile; fileRef = 857011D726BDF45000C5C9B2 /* DrinkDetailInfoModel.swift */; };
		857011DA26BDF5AD00C5C9B2 /* GiftPriceUpdateModel.swift in Sources */ = {isa = PBXBuildFile; fileRef = 857011D926BDF5AD00C5C9B2 /* GiftPriceUpdateModel.swift */; };
		857011E326BDFBBB00C5C9B2 /* OrderSelectModel.swift in Sources */ = {isa = PBXBuildFile; fileRef = 857011E226BDFBBB00C5C9B2 /* OrderSelectModel.swift */; };
		857011E726BDFC3D00C5C9B2 /* OrderCountModel.swift in Sources */ = {isa = PBXBuildFile; fileRef = 857011E626BDFC3D00C5C9B2 /* OrderCountModel.swift */; };
		857F1C4C26B27A210028D3BC /* AppDelegate.swift in Sources */ = {isa = PBXBuildFile; fileRef = 857F1C4B26B27A210028D3BC /* AppDelegate.swift */; };
		857F1C4E26B27A210028D3BC /* SceneDelegate.swift in Sources */ = {isa = PBXBuildFile; fileRef = 857F1C4D26B27A210028D3BC /* SceneDelegate.swift */; };
		857F1C5026B27A210028D3BC /* ViewController.swift in Sources */ = {isa = PBXBuildFile; fileRef = 857F1C4F26B27A210028D3BC /* ViewController.swift */; };
		857F1C5326B27A210028D3BC /* Main.storyboard in Resources */ = {isa = PBXBuildFile; fileRef = 857F1C5126B27A210028D3BC /* Main.storyboard */; };
		857F1C5526B27A230028D3BC /* Assets.xcassets in Resources */ = {isa = PBXBuildFile; fileRef = 857F1C5426B27A230028D3BC /* Assets.xcassets */; };
		857F1C5826B27A230028D3BC /* LaunchScreen.storyboard in Resources */ = {isa = PBXBuildFile; fileRef = 857F1C5626B27A230028D3BC /* LaunchScreen.storyboard */; };
		85B5105026BDC47600D61AC7 /* GiftPriceUpdateModel.swift in Sources */ = {isa = PBXBuildFile; fileRef = 85B5104F26BDC47600D61AC7 /* GiftPriceUpdateModel.swift */; };
		85DDD67126B8571000B97DF7 /* MyMenuInsertModel.swift in Sources */ = {isa = PBXBuildFile; fileRef = 85DDD67026B8571000B97DF7 /* MyMenuInsertModel.swift */; };
		85DDD67326B8575400B97DF7 /* DrinkInfoModel.swift in Sources */ = {isa = PBXBuildFile; fileRef = 85DDD67226B8575400B97DF7 /* DrinkInfoModel.swift */; };
		85DDD67526B857AB00B97DF7 /* PersonalIdModel.swift in Sources */ = {isa = PBXBuildFile; fileRef = 85DDD67426B857AB00B97DF7 /* PersonalIdModel.swift */; };
		85DDD67726B857F800B97DF7 /* MyMenuDeleteModel.swift in Sources */ = {isa = PBXBuildFile; fileRef = 85DDD67626B857F800B97DF7 /* MyMenuDeleteModel.swift */; };
		85DDD67926B8583E00B97DF7 /* CartInsertModel.swift in Sources */ = {isa = PBXBuildFile; fileRef = 85DDD67826B8583E00B97DF7 /* CartInsertModel.swift */; };
		85DDD67B26B8587F00B97DF7 /* PersonalOptionContentTableViewCell.swift in Sources */ = {isa = PBXBuildFile; fileRef = 85DDD67A26B8587F00B97DF7 /* PersonalOptionContentTableViewCell.swift */; };
		85DDD67D26B858C800B97DF7 /* PersonalOptionTitleTableViewCell.swift in Sources */ = {isa = PBXBuildFile; fileRef = 85DDD67C26B858C800B97DF7 /* PersonalOptionTitleTableViewCell.swift */; };
		85DDD67F26B85C1500B97DF7 /* DrinkDetailViewController.swift in Sources */ = {isa = PBXBuildFile; fileRef = 85DDD67E26B85C1500B97DF7 /* DrinkDetailViewController.swift */; };
		85DDD68326B85D8900B97DF7 /* OrderPersonalViewController.swift in Sources */ = {isa = PBXBuildFile; fileRef = 85DDD68226B85D8900B97DF7 /* OrderPersonalViewController.swift */; };
		85DDD68526B8606B00B97DF7 /* PersonalOptionViewController.swift in Sources */ = {isa = PBXBuildFile; fileRef = 85DDD68426B8606B00B97DF7 /* PersonalOptionViewController.swift */; };
		9966F1E526B6D6F9003B3DDD /* SignUpNicNameViewController.swift in Sources */ = {isa = PBXBuildFile; fileRef = 9966F1E426B6D6F9003B3DDD /* SignUpNicNameViewController.swift */; };
		9966F1E726B6D9A0003B3DDD /* FindUserIdViewController.swift in Sources */ = {isa = PBXBuildFile; fileRef = 9966F1E626B6D9A0003B3DDD /* FindUserIdViewController.swift */; };
		9966F1E926B6DB56003B3DDD /* CheckFindIdViewController.swift in Sources */ = {isa = PBXBuildFile; fileRef = 9966F1E826B6DB56003B3DDD /* CheckFindIdViewController.swift */; };
		9966F1EB26B6DE2A003B3DDD /* FindUserPwViewController.swift in Sources */ = {isa = PBXBuildFile; fileRef = 9966F1EA26B6DE2A003B3DDD /* FindUserPwViewController.swift */; };
		9966F1ED26B6E0B9003B3DDD /* ResetPassWordViewController.swift in Sources */ = {isa = PBXBuildFile; fileRef = 9966F1EC26B6E0B9003B3DDD /* ResetPassWordViewController.swift */; };
		997120F326B68F980026317F /* SignUpAgreeViewController.swift in Sources */ = {isa = PBXBuildFile; fileRef = 997120F226B68F980026317F /* SignUpAgreeViewController.swift */; };
		997120F526B692280026317F /* SignUpAuthEmailViewController.swift in Sources */ = {isa = PBXBuildFile; fileRef = 997120F426B692280026317F /* SignUpAuthEmailViewController.swift */; };
		997120F726B693990026317F /* SignUpIdPwdViewController.swift in Sources */ = {isa = PBXBuildFile; fileRef = 997120F626B693990026317F /* SignUpIdPwdViewController.swift */; };
		997120F926B6957D0026317F /* LoginViewController.swift in Sources */ = {isa = PBXBuildFile; fileRef = 997120F826B6957D0026317F /* LoginViewController.swift */; };
		997D01AF26BFF2A2004168DC /* SendEmailModel.swift in Sources */ = {isa = PBXBuildFile; fileRef = 997D01AE26BFF2A2004168DC /* SendEmailModel.swift */; };
		997D01B126BFF8C7004168DC /* VerifyDuplicatedIdModel.swift in Sources */ = {isa = PBXBuildFile; fileRef = 997D01B026BFF8C7004168DC /* VerifyDuplicatedIdModel.swift */; };
		997D01B326C00035004168DC /* SignUpOkViewController.swift in Sources */ = {isa = PBXBuildFile; fileRef = 997D01B226C00035004168DC /* SignUpOkViewController.swift */; };
		997D01B726C002BB004168DC /* InsertSignInfo.swift in Sources */ = {isa = PBXBuildFile; fileRef = 997D01B626C002BB004168DC /* InsertSignInfo.swift */; };
		997D01B926C00B2C004168DC /* UserInfoModel.swift in Sources */ = {isa = PBXBuildFile; fileRef = 997D01B826C00B2C004168DC /* UserInfoModel.swift */; };
		997D01BB26C00C0D004168DC /* LoginUserInfoModel.swift in Sources */ = {isa = PBXBuildFile; fileRef = 997D01BA26C00C0D004168DC /* LoginUserInfoModel.swift */; };
		997D01BD26C011AA004168DC /* QueryEmailModel.swift in Sources */ = {isa = PBXBuildFile; fileRef = 997D01BC26C011AA004168DC /* QueryEmailModel.swift */; };
		997D01BF26C01900004168DC /* ChangePwModel.swift in Sources */ = {isa = PBXBuildFile; fileRef = 997D01BE26C01900004168DC /* ChangePwModel.swift */; };
/* End PBXBuildFile section */

/* Begin PBXFileReference section */
		3258C15126B8D601006892A6 /* StoreSearchTableViewController.swift */ = {isa = PBXFileReference; lastKnownFileType = sourcecode.swift; path = StoreSearchTableViewController.swift; sourceTree = "<group>"; };
		3258C15426B8D635006892A6 /* StoreSearchClickViewController.swift */ = {isa = PBXFileReference; lastKnownFileType = sourcecode.swift; path = StoreSearchClickViewController.swift; sourceTree = "<group>"; };
		3258C15726B8D6A3006892A6 /* StoreSearchTableViewCell.swift */ = {isa = PBXFileReference; lastKnownFileType = sourcecode.swift; path = StoreSearchTableViewCell.swift; sourceTree = "<group>"; };
		3258C15D26B8E16E006892A6 /* StoreSearchModel.swift */ = {isa = PBXFileReference; lastKnownFileType = sourcecode.swift; path = StoreSearchModel.swift; sourceTree = "<group>"; };
		4F2C597126C0614A0002763A /* GiftCardPayViewController.swift */ = {isa = PBXFileReference; fileEncoding = 4; lastKnownFileType = sourcecode.swift; path = GiftCardPayViewController.swift; sourceTree = "<group>"; };
		4F2C597226C0614A0002763A /* GiftCardPayDetailViewController.swift */ = {isa = PBXFileReference; fileEncoding = 4; lastKnownFileType = sourcecode.swift; path = GiftCardPayDetailViewController.swift; sourceTree = "<group>"; };
		4F2C597326C0614A0002763A /* GiftMainViewController.swift */ = {isa = PBXFileReference; fileEncoding = 4; lastKnownFileType = sourcecode.swift; path = GiftMainViewController.swift; sourceTree = "<group>"; };
		4F2C597426C0614A0002763A /* GiftCardTableViewCell.swift */ = {isa = PBXFileReference; fileEncoding = 4; lastKnownFileType = sourcecode.swift; path = GiftCardTableViewCell.swift; sourceTree = "<group>"; };
		4F2C597526C0614A0002763A /* GiftCardListViewController.swift */ = {isa = PBXFileReference; fileEncoding = 4; lastKnownFileType = sourcecode.swift; path = GiftCardListViewController.swift; sourceTree = "<group>"; };
		4F2C597626C0614A0002763A /* GiftCardCollectionViewCell.swift */ = {isa = PBXFileReference; fileEncoding = 4; lastKnownFileType = sourcecode.swift; path = GiftCardCollectionViewCell.swift; sourceTree = "<group>"; };
		4F2C597726C0614A0002763A /* CardPayListTableViewCell.swift */ = {isa = PBXFileReference; fileEncoding = 4; lastKnownFileType = sourcecode.swift; path = CardPayListTableViewCell.swift; sourceTree = "<group>"; };
		4F2C597826C0614A0002763A /* GiftCardItemViewController.swift */ = {isa = PBXFileReference; fileEncoding = 4; lastKnownFileType = sourcecode.swift; path = GiftCardItemViewController.swift; sourceTree = "<group>"; };
		4F2C598126C063350002763A /* CardModel.swift */ = {isa = PBXFileReference; fileEncoding = 4; lastKnownFileType = sourcecode.swift; path = CardModel.swift; sourceTree = "<group>"; };
		4F2C598326C063480002763A /* TestModel.swift */ = {isa = PBXFileReference; fileEncoding = 4; lastKnownFileType = sourcecode.swift; path = TestModel.swift; sourceTree = "<group>"; };
		4F2C598526C063890002763A /* PaidCardList.swift */ = {isa = PBXFileReference; fileEncoding = 4; lastKnownFileType = sourcecode.swift; path = PaidCardList.swift; sourceTree = "<group>"; };
		4F2C598726C063BB0002763A /* GiftSend.swift */ = {isa = PBXFileReference; fileEncoding = 4; lastKnownFileType = sourcecode.swift; path = GiftSend.swift; sourceTree = "<group>"; };
		4F2C598926C063C40002763A /* GiftUserCheck.swift */ = {isa = PBXFileReference; fileEncoding = 4; lastKnownFileType = sourcecode.swift; path = GiftUserCheck.swift; sourceTree = "<group>"; };
		4F2C598B26C064480002763A /* GiftCardList.swift */ = {isa = PBXFileReference; fileEncoding = 4; lastKnownFileType = sourcecode.swift; path = GiftCardList.swift; sourceTree = "<group>"; };
		615FB0826BEB5B7B6461CB8D /* Pods-IOS_SirenOrder.debug.xcconfig */ = {isa = PBXFileReference; includeInIndex = 1; lastKnownFileType = text.xcconfig; name = "Pods-IOS_SirenOrder.debug.xcconfig"; path = "Target Support Files/Pods-IOS_SirenOrder/Pods-IOS_SirenOrder.debug.xcconfig"; sourceTree = "<group>"; };
		6980B00D26B585690048DAAB /* NoticeTableViewController.swift */ = {isa = PBXFileReference; fileEncoding = 4; lastKnownFileType = sourcecode.swift; path = NoticeTableViewController.swift; sourceTree = "<group>"; };
		6980B00E26B585690048DAAB /* HistoryTableViewCell.swift */ = {isa = PBXFileReference; fileEncoding = 4; lastKnownFileType = sourcecode.swift; path = HistoryTableViewCell.swift; sourceTree = "<group>"; };
		6980B00F26B585690048DAAB /* OtherTableViewController.swift */ = {isa = PBXFileReference; fileEncoding = 4; lastKnownFileType = sourcecode.swift; path = OtherTableViewController.swift; sourceTree = "<group>"; };
		6980B01026B585690048DAAB /* PersonalViewController.swift */ = {isa = PBXFileReference; fileEncoding = 4; lastKnownFileType = sourcecode.swift; path = PersonalViewController.swift; sourceTree = "<group>"; };
		6980B01126B585690048DAAB /* MapViewController.swift */ = {isa = PBXFileReference; fileEncoding = 4; lastKnownFileType = sourcecode.swift; path = MapViewController.swift; sourceTree = "<group>"; };
		6980B01226B585690048DAAB /* QnAViewController.swift */ = {isa = PBXFileReference; fileEncoding = 4; lastKnownFileType = sourcecode.swift; path = QnAViewController.swift; sourceTree = "<group>"; };
		6980B01326B585690048DAAB /* GiftCardViewController.swift */ = {isa = PBXFileReference; fileEncoding = 4; lastKnownFileType = sourcecode.swift; path = GiftCardViewController.swift; sourceTree = "<group>"; };
		6980B01426B585690048DAAB /* ReceiptViewController.swift */ = {isa = PBXFileReference; fileEncoding = 4; lastKnownFileType = sourcecode.swift; path = ReceiptViewController.swift; sourceTree = "<group>"; };
		6980B01526B585690048DAAB /* NoticeTableViewCell.swift */ = {isa = PBXFileReference; fileEncoding = 4; lastKnownFileType = sourcecode.swift; path = NoticeTableViewCell.swift; sourceTree = "<group>"; };
		6980B01626B585690048DAAB /* HistoryViewController.swift */ = {isa = PBXFileReference; fileEncoding = 4; lastKnownFileType = sourcecode.swift; path = HistoryViewController.swift; sourceTree = "<group>"; };
		6980B01726B585690048DAAB /* ManualViewController.swift */ = {isa = PBXFileReference; fileEncoding = 4; lastKnownFileType = sourcecode.swift; path = ManualViewController.swift; sourceTree = "<group>"; };
		6980B01926B585690048DAAB /* HistoryListModel.swift */ = {isa = PBXFileReference; fileEncoding = 4; lastKnownFileType = sourcecode.swift; path = HistoryListModel.swift; sourceTree = "<group>"; };
		6980B01B26B585690048DAAB /* OrderModel.swift */ = {isa = PBXFileReference; fileEncoding = 4; lastKnownFileType = sourcecode.swift; path = OrderModel.swift; sourceTree = "<group>"; };
		6980B01C26B585690048DAAB /* UserModel.swift */ = {isa = PBXFileReference; fileEncoding = 4; lastKnownFileType = sourcecode.swift; path = UserModel.swift; sourceTree = "<group>"; };
		6980B01D26B585690048DAAB /* DrinkModel.swift */ = {isa = PBXFileReference; fileEncoding = 4; lastKnownFileType = sourcecode.swift; path = DrinkModel.swift; sourceTree = "<group>"; };
		69E573E926B92F430064CF83 /* HistoryDetailViewController.swift */ = {isa = PBXFileReference; lastKnownFileType = sourcecode.swift; path = HistoryDetailViewController.swift; sourceTree = "<group>"; };
		69E573ED26BA7C770064CF83 /* ReceiptTableViewCell.swift */ = {isa = PBXFileReference; lastKnownFileType = sourcecode.swift; path = ReceiptTableViewCell.swift; sourceTree = "<group>"; };
		69E573EF26BAC35E0064CF83 /* HistoryModel.swift */ = {isa = PBXFileReference; lastKnownFileType = sourcecode.swift; path = HistoryModel.swift; sourceTree = "<group>"; };
		69E573F126BAC3680064CF83 /* ReceiptModel.swift */ = {isa = PBXFileReference; lastKnownFileType = sourcecode.swift; path = ReceiptModel.swift; sourceTree = "<group>"; };
		69E573F326BAC4100064CF83 /* ReceiptListModel.swift */ = {isa = PBXFileReference; lastKnownFileType = sourcecode.swift; path = ReceiptListModel.swift; sourceTree = "<group>"; };
		69E573F526BAC5D30064CF83 /* ReceiptDetailViewController.swift */ = {isa = PBXFileReference; lastKnownFileType = sourcecode.swift; path = ReceiptDetailViewController.swift; sourceTree = "<group>"; };
		69E573F726BD1C250064CF83 /* SettingTableViewController.swift */ = {isa = PBXFileReference; lastKnownFileType = sourcecode.swift; path = SettingTableViewController.swift; sourceTree = "<group>"; };
		69E573FC26BD32F80064CF83 /* VersionViewController.swift */ = {isa = PBXFileReference; lastKnownFileType = sourcecode.swift; path = VersionViewController.swift; sourceTree = "<group>"; };
		69E5740226BD39590064CF83 /* LocationList.swift */ = {isa = PBXFileReference; fileEncoding = 4; lastKnownFileType = sourcecode.swift; path = LocationList.swift; sourceTree = "<group>"; };
		69E5740426BD962B0064CF83 /* MemberDeleteViewController.swift */ = {isa = PBXFileReference; lastKnownFileType = sourcecode.swift; path = MemberDeleteViewController.swift; sourceTree = "<group>"; };
		69E5740626BD9B000064CF83 /* CheckTableViewCell.swift */ = {isa = PBXFileReference; lastKnownFileType = sourcecode.swift; path = CheckTableViewCell.swift; sourceTree = "<group>"; };
		69E5740826BE43780064CF83 /* SettingViewController.swift */ = {isa = PBXFileReference; lastKnownFileType = sourcecode.swift; path = SettingViewController.swift; sourceTree = "<group>"; };
		69E5740A26BE6BFD0064CF83 /* LocationPermissionViewController.swift */ = {isa = PBXFileReference; lastKnownFileType = sourcecode.swift; path = LocationPermissionViewController.swift; sourceTree = "<group>"; };
		701CF71426BDBA4F00BF9B53 /* DrinkDetailInfoButtonModel.swift */ = {isa = PBXFileReference; lastKnownFileType = sourcecode.swift; path = DrinkDetailInfoButtonModel.swift; sourceTree = "<group>"; };
		701CF71A26BDD0CA00BF9B53 /* NutritionViewController.swift */ = {isa = PBXFileReference; lastKnownFileType = sourcecode.swift; path = NutritionViewController.swift; sourceTree = "<group>"; };
		701CF71C26BDD10800BF9B53 /* DrinkDetailInfoNutritionModel.swift */ = {isa = PBXFileReference; lastKnownFileType = sourcecode.swift; path = DrinkDetailInfoNutritionModel.swift; sourceTree = "<group>"; };
		701E9C8D26B2B8550008F6F5 /* ExplainViewController.swift */ = {isa = PBXFileReference; lastKnownFileType = sourcecode.swift; path = ExplainViewController.swift; sourceTree = "<group>"; };
		70297A4D26BEEC6E004DDE12 /* SearchViewController.swift */ = {isa = PBXFileReference; lastKnownFileType = sourcecode.swift; path = SearchViewController.swift; sourceTree = "<group>"; };
		70297A5126BEF013004DDE12 /* SearchDetailTableViewCell.swift */ = {isa = PBXFileReference; lastKnownFileType = sourcecode.swift; path = SearchDetailTableViewCell.swift; sourceTree = "<group>"; };
		70297A5326BF2FAC004DDE12 /* SearchDetailModel.swift */ = {isa = PBXFileReference; lastKnownFileType = sourcecode.swift; path = SearchDetailModel.swift; sourceTree = "<group>"; };
		70297A5526BF36A8004DDE12 /* SearchDetailViewController.swift */ = {isa = PBXFileReference; lastKnownFileType = sourcecode.swift; path = SearchDetailViewController.swift; sourceTree = "<group>"; };
		70297A5726BF43BC004DDE12 /* SearchTableViewCell.swift */ = {isa = PBXFileReference; lastKnownFileType = sourcecode.swift; path = SearchTableViewCell.swift; sourceTree = "<group>"; };
		7086B2066E099B664CDD496E /* Pods-IOS_SirenOrder.release.xcconfig */ = {isa = PBXFileReference; includeInIndex = 1; lastKnownFileType = text.xcconfig; name = "Pods-IOS_SirenOrder.release.xcconfig"; path = "Target Support Files/Pods-IOS_SirenOrder/Pods-IOS_SirenOrder.release.xcconfig"; sourceTree = "<group>"; };
		708D257026B5C575000FCCD7 /* HomeViewController.swift */ = {isa = PBXFileReference; lastKnownFileType = sourcecode.swift; path = HomeViewController.swift; sourceTree = "<group>"; };
		70A0A54426C04834009A33D9 /* SearchSQLiteModel.swift */ = {isa = PBXFileReference; lastKnownFileType = sourcecode.swift; path = SearchSQLiteModel.swift; sourceTree = "<group>"; };
		70BB20E826BA787000871D85 /* HomeCollectionViewCell.swift */ = {isa = PBXFileReference; lastKnownFileType = sourcecode.swift; path = HomeCollectionViewCell.swift; sourceTree = "<group>"; };
		70BB20EA26BA79B200871D85 /* HomeBestModel.swift */ = {isa = PBXFileReference; lastKnownFileType = sourcecode.swift; path = HomeBestModel.swift; sourceTree = "<group>"; };
		70BB20EC26BA79C200871D85 /* HomeRecommendModel.swift */ = {isa = PBXFileReference; lastKnownFileType = sourcecode.swift; path = HomeRecommendModel.swift; sourceTree = "<group>"; };
		70BB20EE26BA79D200871D85 /* HomeNewModel.swift */ = {isa = PBXFileReference; lastKnownFileType = sourcecode.swift; path = HomeNewModel.swift; sourceTree = "<group>"; };
		70D9EAD726B2A0640036255C /* CoverViewController.swift */ = {isa = PBXFileReference; lastKnownFileType = sourcecode.swift; path = CoverViewController.swift; sourceTree = "<group>"; };
		70D9EAD926B2A5A30036255C /* PermissionViewController.swift */ = {isa = PBXFileReference; lastKnownFileType = sourcecode.swift; path = PermissionViewController.swift; sourceTree = "<group>"; };
		851AF38826BBB3A80093B318 /* DrinkOrderTableViewCell.swift */ = {isa = PBXFileReference; lastKnownFileType = sourcecode.swift; path = DrinkOrderTableViewCell.swift; sourceTree = "<group>"; };
		851AF38C26BBBFC60093B318 /* CartModel.swift */ = {isa = PBXFileReference; lastKnownFileType = sourcecode.swift; path = CartModel.swift; sourceTree = "<group>"; };
		851AF39026BBEE860093B318 /* OrderSendModel.swift */ = {isa = PBXFileReference; lastKnownFileType = sourcecode.swift; path = OrderSendModel.swift; sourceTree = "<group>"; };
		851AF39226BBF2A70093B318 /* CartSelectModel.swift */ = {isa = PBXFileReference; lastKnownFileType = sourcecode.swift; path = CartSelectModel.swift; sourceTree = "<group>"; };
		851AF39426BC14D50093B318 /* CarttAllDeleteModel.swift */ = {isa = PBXFileReference; lastKnownFileType = sourcecode.swift; path = CarttAllDeleteModel.swift; sourceTree = "<group>"; };
		851AF39626BC15890093B318 /* CartDeleteModel.swift */ = {isa = PBXFileReference; lastKnownFileType = sourcecode.swift; path = CartDeleteModel.swift; sourceTree = "<group>"; };
		851AF39826BC1AAA0093B318 /* CartCountUpdateModel.swift */ = {isa = PBXFileReference; lastKnownFileType = sourcecode.swift; path = CartCountUpdateModel.swift; sourceTree = "<group>"; };
		851AF39C26BC335D0093B318 /* CartPriceModel.swift */ = {isa = PBXFileReference; lastKnownFileType = sourcecode.swift; path = CartPriceModel.swift; sourceTree = "<group>"; };
		851AF3A026BCC2420093B318 /* GiftPriceModel.swift */ = {isa = PBXFileReference; lastKnownFileType = sourcecode.swift; path = GiftPriceModel.swift; sourceTree = "<group>"; };
		851AF3A226BCC26C0093B318 /* GiftModel.swift */ = {isa = PBXFileReference; lastKnownFileType = sourcecode.swift; path = GiftModel.swift; sourceTree = "<group>"; };
		851AF3A826BCE4980093B318 /* CartCheckModel.swift */ = {isa = PBXFileReference; lastKnownFileType = sourcecode.swift; path = CartCheckModel.swift; sourceTree = "<group>"; };
		851AF3AA26BCF7850093B318 /* CartForUpdateSelectModel.swift */ = {isa = PBXFileReference; lastKnownFileType = sourcecode.swift; path = CartForUpdateSelectModel.swift; sourceTree = "<group>"; };
		85423B2526B6EEB200FFEF85 /* AllMenuViewController.swift */ = {isa = PBXFileReference; lastKnownFileType = sourcecode.swift; path = AllMenuViewController.swift; sourceTree = "<group>"; };
		85423B2726B6EED100FFEF85 /* MyMenuViewController.swift */ = {isa = PBXFileReference; lastKnownFileType = sourcecode.swift; path = MyMenuViewController.swift; sourceTree = "<group>"; };
		85423B2926B6F1E700FFEF85 /* OrderViewController.swift */ = {isa = PBXFileReference; lastKnownFileType = sourcecode.swift; path = OrderViewController.swift; sourceTree = "<group>"; };
		85423B2C26B6F3B300FFEF85 /* AllMenuTableViewCell.swift */ = {isa = PBXFileReference; lastKnownFileType = sourcecode.swift; path = AllMenuTableViewCell.swift; sourceTree = "<group>"; };
		85423B2E26B6F3FE00FFEF85 /* MyMenuTableViewCell.swift */ = {isa = PBXFileReference; lastKnownFileType = sourcecode.swift; path = MyMenuTableViewCell.swift; sourceTree = "<group>"; };
		85423B3126B6F6CB00FFEF85 /* ShareVar.swift */ = {isa = PBXFileReference; lastKnownFileType = sourcecode.swift; path = ShareVar.swift; sourceTree = "<group>"; };
		85423B3526B6F7C100FFEF85 /* MyMenuModel.swift */ = {isa = PBXFileReference; lastKnownFileType = sourcecode.swift; path = MyMenuModel.swift; sourceTree = "<group>"; };
		85423B3726B6F7EA00FFEF85 /* PersonalModel.swift */ = {isa = PBXFileReference; lastKnownFileType = sourcecode.swift; path = PersonalModel.swift; sourceTree = "<group>"; };
		85423B3926B6F8C000FFEF85 /* CategoryDetailTableViewCell.swift */ = {isa = PBXFileReference; lastKnownFileType = sourcecode.swift; path = CategoryDetailTableViewCell.swift; sourceTree = "<group>"; };
		85423B3D26B6F91C00FFEF85 /* CategoryDetailViewController.swift */ = {isa = PBXFileReference; lastKnownFileType = sourcecode.swift; path = CategoryDetailViewController.swift; sourceTree = "<group>"; };
		85423B3F26B6FA4300FFEF85 /* CategoryDetailModel.swift */ = {isa = PBXFileReference; lastKnownFileType = sourcecode.swift; path = CategoryDetailModel.swift; sourceTree = "<group>"; };
		85423B4126B6FB2100FFEF85 /* StoreSettingViewController.swift */ = {isa = PBXFileReference; lastKnownFileType = sourcecode.swift; path = StoreSettingViewController.swift; sourceTree = "<group>"; };
		85423B4326B6FB7C00FFEF85 /* AllStoreTableViewController.swift */ = {isa = PBXFileReference; lastKnownFileType = sourcecode.swift; path = AllStoreTableViewController.swift; sourceTree = "<group>"; };
		85423B4526B6FB9700FFEF85 /* FrequentStoreTableViewController.swift */ = {isa = PBXFileReference; lastKnownFileType = sourcecode.swift; path = FrequentStoreTableViewController.swift; sourceTree = "<group>"; };
		85423B4726B6FBD200FFEF85 /* AllStoreModel.swift */ = {isa = PBXFileReference; lastKnownFileType = sourcecode.swift; path = AllStoreModel.swift; sourceTree = "<group>"; };
		85423B4926B6FBF700FFEF85 /* LocationModel.swift */ = {isa = PBXFileReference; lastKnownFileType = sourcecode.swift; path = LocationModel.swift; sourceTree = "<group>"; };
		85423B4B26B6FC6800FFEF85 /* AllStoreTableViewCell.swift */ = {isa = PBXFileReference; lastKnownFileType = sourcecode.swift; path = AllStoreTableViewCell.swift; sourceTree = "<group>"; };
		85423B4D26B70CD200FFEF85 /* FrequentStoreTableViewCell.swift */ = {isa = PBXFileReference; lastKnownFileType = sourcecode.swift; path = FrequentStoreTableViewCell.swift; sourceTree = "<group>"; };
		85423B4F26B710F500FFEF85 /* FrequentStoreModel.swift */ = {isa = PBXFileReference; lastKnownFileType = sourcecode.swift; path = FrequentStoreModel.swift; sourceTree = "<group>"; };
		85423B5126B7169D00FFEF85 /* StoreDetailViewController.swift */ = {isa = PBXFileReference; lastKnownFileType = sourcecode.swift; path = StoreDetailViewController.swift; sourceTree = "<group>"; };
		8543CDC226BD06FA0057A836 /* ConfirmOrderViewController.swift */ = {isa = PBXFileReference; lastKnownFileType = sourcecode.swift; path = ConfirmOrderViewController.swift; sourceTree = "<group>"; };
		8543CDC626BD0DDD0057A836 /* ConfirmOrderTableViewCell.swift */ = {isa = PBXFileReference; lastKnownFileType = sourcecode.swift; path = ConfirmOrderTableViewCell.swift; sourceTree = "<group>"; };
		8543CDC826BD1F3D0057A836 /* OrderNumModel.swift */ = {isa = PBXFileReference; lastKnownFileType = sourcecode.swift; path = OrderNumModel.swift; sourceTree = "<group>"; };
		8543CDCA26BD2A020057A836 /* OrderInsertModel.swift */ = {isa = PBXFileReference; lastKnownFileType = sourcecode.swift; path = OrderInsertModel.swift; sourceTree = "<group>"; };
		856F78EF26BA9BE50092B57C /* SharePersonal.swift */ = {isa = PBXFileReference; lastKnownFileType = sourcecode.swift; path = SharePersonal.swift; sourceTree = "<group>"; };
		856F78F126BA9C030092B57C /* SharePersonalData.swift */ = {isa = PBXFileReference; lastKnownFileType = sourcecode.swift; path = SharePersonalData.swift; sourceTree = "<group>"; };
		856F78F326BAA0950092B57C /* PersonalOptionDetailViewController.swift */ = {isa = PBXFileReference; lastKnownFileType = sourcecode.swift; path = PersonalOptionDetailViewController.swift; sourceTree = "<group>"; };
		856F78F526BABD7E0092B57C /* CartViewController.swift */ = {isa = PBXFileReference; lastKnownFileType = sourcecode.swift; path = CartViewController.swift; sourceTree = "<group>"; };
		856F78F926BAD7D00092B57C /* DrinkOrderViewController.swift */ = {isa = PBXFileReference; lastKnownFileType = sourcecode.swift; path = DrinkOrderViewController.swift; sourceTree = "<group>"; };
		856F78FD26BAD86F0092B57C /* ShareOrder.swift */ = {isa = PBXFileReference; lastKnownFileType = sourcecode.swift; path = ShareOrder.swift; sourceTree = "<group>"; };
		856F790126BAE32E0092B57C /* CartCountModel.swift */ = {isa = PBXFileReference; lastKnownFileType = sourcecode.swift; path = CartCountModel.swift; sourceTree = "<group>"; };
		856F790326BAEF9C0092B57C /* CartTableViewCell.swift */ = {isa = PBXFileReference; lastKnownFileType = sourcecode.swift; path = CartTableViewCell.swift; sourceTree = "<group>"; };
		857011D726BDF45000C5C9B2 /* DrinkDetailInfoModel.swift */ = {isa = PBXFileReference; lastKnownFileType = sourcecode.swift; path = DrinkDetailInfoModel.swift; sourceTree = "<group>"; };
		857011D926BDF5AD00C5C9B2 /* GiftPriceUpdateModel.swift */ = {isa = PBXFileReference; lastKnownFileType = sourcecode.swift; path = GiftPriceUpdateModel.swift; sourceTree = "<group>"; };
		857011E226BDFBBB00C5C9B2 /* OrderSelectModel.swift */ = {isa = PBXFileReference; lastKnownFileType = sourcecode.swift; path = OrderSelectModel.swift; sourceTree = "<group>"; };
		857011E626BDFC3D00C5C9B2 /* OrderCountModel.swift */ = {isa = PBXFileReference; lastKnownFileType = sourcecode.swift; path = OrderCountModel.swift; sourceTree = "<group>"; };
		857F1C4826B27A210028D3BC /* IOS_SirenOrder.app */ = {isa = PBXFileReference; explicitFileType = wrapper.application; includeInIndex = 0; path = IOS_SirenOrder.app; sourceTree = BUILT_PRODUCTS_DIR; };
		857F1C4B26B27A210028D3BC /* AppDelegate.swift */ = {isa = PBXFileReference; lastKnownFileType = sourcecode.swift; path = AppDelegate.swift; sourceTree = "<group>"; };
		857F1C4D26B27A210028D3BC /* SceneDelegate.swift */ = {isa = PBXFileReference; lastKnownFileType = sourcecode.swift; path = SceneDelegate.swift; sourceTree = "<group>"; };
		857F1C4F26B27A210028D3BC /* ViewController.swift */ = {isa = PBXFileReference; lastKnownFileType = sourcecode.swift; path = ViewController.swift; sourceTree = "<group>"; };
		857F1C5226B27A210028D3BC /* Base */ = {isa = PBXFileReference; lastKnownFileType = file.storyboard; name = Base; path = Base.lproj/Main.storyboard; sourceTree = "<group>"; };
		857F1C5426B27A230028D3BC /* Assets.xcassets */ = {isa = PBXFileReference; lastKnownFileType = folder.assetcatalog; path = Assets.xcassets; sourceTree = "<group>"; };
		857F1C5726B27A230028D3BC /* Base */ = {isa = PBXFileReference; lastKnownFileType = file.storyboard; name = Base; path = Base.lproj/LaunchScreen.storyboard; sourceTree = "<group>"; };
		857F1C5926B27A230028D3BC /* Info.plist */ = {isa = PBXFileReference; lastKnownFileType = text.plist.xml; path = Info.plist; sourceTree = "<group>"; };
		85B5104F26BDC47600D61AC7 /* GiftPriceUpdateModel.swift */ = {isa = PBXFileReference; lastKnownFileType = sourcecode.swift; path = GiftPriceUpdateModel.swift; sourceTree = "<group>"; };
		85DDD67026B8571000B97DF7 /* MyMenuInsertModel.swift */ = {isa = PBXFileReference; lastKnownFileType = sourcecode.swift; path = MyMenuInsertModel.swift; sourceTree = "<group>"; };
		85DDD67226B8575400B97DF7 /* DrinkInfoModel.swift */ = {isa = PBXFileReference; lastKnownFileType = sourcecode.swift; path = DrinkInfoModel.swift; sourceTree = "<group>"; };
		85DDD67426B857AB00B97DF7 /* PersonalIdModel.swift */ = {isa = PBXFileReference; lastKnownFileType = sourcecode.swift; path = PersonalIdModel.swift; sourceTree = "<group>"; };
		85DDD67626B857F800B97DF7 /* MyMenuDeleteModel.swift */ = {isa = PBXFileReference; lastKnownFileType = sourcecode.swift; path = MyMenuDeleteModel.swift; sourceTree = "<group>"; };
		85DDD67826B8583E00B97DF7 /* CartInsertModel.swift */ = {isa = PBXFileReference; lastKnownFileType = sourcecode.swift; path = CartInsertModel.swift; sourceTree = "<group>"; };
		85DDD67A26B8587F00B97DF7 /* PersonalOptionContentTableViewCell.swift */ = {isa = PBXFileReference; lastKnownFileType = sourcecode.swift; path = PersonalOptionContentTableViewCell.swift; sourceTree = "<group>"; };
		85DDD67C26B858C800B97DF7 /* PersonalOptionTitleTableViewCell.swift */ = {isa = PBXFileReference; lastKnownFileType = sourcecode.swift; path = PersonalOptionTitleTableViewCell.swift; sourceTree = "<group>"; };
		85DDD67E26B85C1500B97DF7 /* DrinkDetailViewController.swift */ = {isa = PBXFileReference; lastKnownFileType = sourcecode.swift; path = DrinkDetailViewController.swift; sourceTree = "<group>"; };
		85DDD68226B85D8900B97DF7 /* OrderPersonalViewController.swift */ = {isa = PBXFileReference; lastKnownFileType = sourcecode.swift; path = OrderPersonalViewController.swift; sourceTree = "<group>"; };
		85DDD68426B8606B00B97DF7 /* PersonalOptionViewController.swift */ = {isa = PBXFileReference; lastKnownFileType = sourcecode.swift; path = PersonalOptionViewController.swift; sourceTree = "<group>"; };
		9966F1E426B6D6F9003B3DDD /* SignUpNicNameViewController.swift */ = {isa = PBXFileReference; lastKnownFileType = sourcecode.swift; path = SignUpNicNameViewController.swift; sourceTree = "<group>"; };
		9966F1E626B6D9A0003B3DDD /* FindUserIdViewController.swift */ = {isa = PBXFileReference; lastKnownFileType = sourcecode.swift; path = FindUserIdViewController.swift; sourceTree = "<group>"; };
		9966F1E826B6DB56003B3DDD /* CheckFindIdViewController.swift */ = {isa = PBXFileReference; lastKnownFileType = sourcecode.swift; path = CheckFindIdViewController.swift; sourceTree = "<group>"; };
		9966F1EA26B6DE2A003B3DDD /* FindUserPwViewController.swift */ = {isa = PBXFileReference; lastKnownFileType = sourcecode.swift; path = FindUserPwViewController.swift; sourceTree = "<group>"; };
		9966F1EC26B6E0B9003B3DDD /* ResetPassWordViewController.swift */ = {isa = PBXFileReference; lastKnownFileType = sourcecode.swift; path = ResetPassWordViewController.swift; sourceTree = "<group>"; };
		997120F226B68F980026317F /* SignUpAgreeViewController.swift */ = {isa = PBXFileReference; lastKnownFileType = sourcecode.swift; path = SignUpAgreeViewController.swift; sourceTree = "<group>"; };
		997120F426B692280026317F /* SignUpAuthEmailViewController.swift */ = {isa = PBXFileReference; lastKnownFileType = sourcecode.swift; path = SignUpAuthEmailViewController.swift; sourceTree = "<group>"; };
		997120F626B693990026317F /* SignUpIdPwdViewController.swift */ = {isa = PBXFileReference; lastKnownFileType = sourcecode.swift; path = SignUpIdPwdViewController.swift; sourceTree = "<group>"; };
		997120F826B6957D0026317F /* LoginViewController.swift */ = {isa = PBXFileReference; lastKnownFileType = sourcecode.swift; path = LoginViewController.swift; sourceTree = "<group>"; };
		997D01AE26BFF2A2004168DC /* SendEmailModel.swift */ = {isa = PBXFileReference; lastKnownFileType = sourcecode.swift; path = SendEmailModel.swift; sourceTree = "<group>"; };
		997D01B026BFF8C7004168DC /* VerifyDuplicatedIdModel.swift */ = {isa = PBXFileReference; lastKnownFileType = sourcecode.swift; path = VerifyDuplicatedIdModel.swift; sourceTree = "<group>"; };
		997D01B226C00035004168DC /* SignUpOkViewController.swift */ = {isa = PBXFileReference; lastKnownFileType = sourcecode.swift; path = SignUpOkViewController.swift; sourceTree = "<group>"; };
		997D01B626C002BB004168DC /* InsertSignInfo.swift */ = {isa = PBXFileReference; lastKnownFileType = sourcecode.swift; path = InsertSignInfo.swift; sourceTree = "<group>"; };
		997D01B826C00B2C004168DC /* UserInfoModel.swift */ = {isa = PBXFileReference; lastKnownFileType = sourcecode.swift; path = UserInfoModel.swift; sourceTree = "<group>"; };
		997D01BA26C00C0D004168DC /* LoginUserInfoModel.swift */ = {isa = PBXFileReference; lastKnownFileType = sourcecode.swift; path = LoginUserInfoModel.swift; sourceTree = "<group>"; };
		997D01BC26C011AA004168DC /* QueryEmailModel.swift */ = {isa = PBXFileReference; lastKnownFileType = sourcecode.swift; path = QueryEmailModel.swift; sourceTree = "<group>"; };
		997D01BE26C01900004168DC /* ChangePwModel.swift */ = {isa = PBXFileReference; lastKnownFileType = sourcecode.swift; path = ChangePwModel.swift; sourceTree = "<group>"; };
		A08F0ADDDE1E5AACCD89525E /* Pods_IOS_SirenOrder.framework */ = {isa = PBXFileReference; explicitFileType = wrapper.framework; includeInIndex = 0; path = Pods_IOS_SirenOrder.framework; sourceTree = BUILT_PRODUCTS_DIR; };
/* End PBXFileReference section */

/* Begin PBXFrameworksBuildPhase section */
		857F1C4526B27A210028D3BC /* Frameworks */ = {
			isa = PBXFrameworksBuildPhase;
			buildActionMask = 2147483647;
			files = (
				5E4AB2B60D49CA78EAC2D69E /* Pods_IOS_SirenOrder.framework in Frameworks */,
			);
			runOnlyForDeploymentPostprocessing = 0;
		};
/* End PBXFrameworksBuildPhase section */

/* Begin PBXGroup section */
		4F2C597026C061150002763A /* GiftCardView */ = {
			isa = PBXGroup;
			children = (
				4F2C597726C0614A0002763A /* CardPayListTableViewCell.swift */,
				4F2C597626C0614A0002763A /* GiftCardCollectionViewCell.swift */,
				4F2C597826C0614A0002763A /* GiftCardItemViewController.swift */,
				4F2C597526C0614A0002763A /* GiftCardListViewController.swift */,
				4F2C597226C0614A0002763A /* GiftCardPayDetailViewController.swift */,
				4F2C597126C0614A0002763A /* GiftCardPayViewController.swift */,
				4F2C597426C0614A0002763A /* GiftCardTableViewCell.swift */,
				4F2C597326C0614A0002763A /* GiftMainViewController.swift */,
			);
			path = GiftCardView;
			sourceTree = "<group>";
		};
		6980B00C26B585690048DAAB /* OtherControllers */ = {
			isa = PBXGroup;
			children = (
				6980B00F26B585690048DAAB /* OtherTableViewController.swift */,
				6980B00D26B585690048DAAB /* NoticeTableViewController.swift */,
				6980B01526B585690048DAAB /* NoticeTableViewCell.swift */,
				6980B01626B585690048DAAB /* HistoryViewController.swift */,
				6980B00E26B585690048DAAB /* HistoryTableViewCell.swift */,
				69E573E926B92F430064CF83 /* HistoryDetailViewController.swift */,
				6980B01426B585690048DAAB /* ReceiptViewController.swift */,
				69E573ED26BA7C770064CF83 /* ReceiptTableViewCell.swift */,
				69E573F526BAC5D30064CF83 /* ReceiptDetailViewController.swift */,
				6980B01126B585690048DAAB /* MapViewController.swift */,
				6980B01226B585690048DAAB /* QnAViewController.swift */,
				6980B01326B585690048DAAB /* GiftCardViewController.swift */,
				6980B01726B585690048DAAB /* ManualViewController.swift */,
				6980B01026B585690048DAAB /* PersonalViewController.swift */,
			);
			path = OtherControllers;
			sourceTree = "<group>";
		};
		6980B01826B585690048DAAB /* Dao */ = {
			isa = PBXGroup;
			children = (
				69E5740226BD39590064CF83 /* LocationList.swift */,
				4F2C598B26C064480002763A /* GiftCardList.swift */,
				6980B01926B585690048DAAB /* HistoryListModel.swift */,
				69E573F326BAC4100064CF83 /* ReceiptListModel.swift */,
				85423B3526B6F7C100FFEF85 /* MyMenuModel.swift */,
				85423B3F26B6FA4300FFEF85 /* CategoryDetailModel.swift */,
				85423B4726B6FBD200FFEF85 /* AllStoreModel.swift */,
				85423B4F26B710F500FFEF85 /* FrequentStoreModel.swift */,
				85DDD67026B8571000B97DF7 /* MyMenuInsertModel.swift */,
				4F2C598726C063BB0002763A /* GiftSend.swift */,
				85DDD67226B8575400B97DF7 /* DrinkInfoModel.swift */,
				85DDD67426B857AB00B97DF7 /* PersonalIdModel.swift */,
				85DDD67626B857F800B97DF7 /* MyMenuDeleteModel.swift */,
				4F2C598926C063C40002763A /* GiftUserCheck.swift */,
				85DDD67826B8583E00B97DF7 /* CartInsertModel.swift */,
				3258C15D26B8E16E006892A6 /* StoreSearchModel.swift */,
				856F790126BAE32E0092B57C /* CartCountModel.swift */,
				70BB20EA26BA79B200871D85 /* HomeBestModel.swift */,
				70BB20EC26BA79C200871D85 /* HomeRecommendModel.swift */,
				4F2C598526C063890002763A /* PaidCardList.swift */,
				70BB20EE26BA79D200871D85 /* HomeNewModel.swift */,
				851AF39226BBF2A70093B318 /* CartSelectModel.swift */,
				851AF39426BC14D50093B318 /* CarttAllDeleteModel.swift */,
				851AF39626BC15890093B318 /* CartDeleteModel.swift */,
				851AF39826BC1AAA0093B318 /* CartCountUpdateModel.swift */,
				851AF39C26BC335D0093B318 /* CartPriceModel.swift */,
				851AF3A026BCC2420093B318 /* GiftPriceModel.swift */,
				851AF3A826BCE4980093B318 /* CartCheckModel.swift */,
				851AF3AA26BCF7850093B318 /* CartForUpdateSelectModel.swift */,
				8543CDC826BD1F3D0057A836 /* OrderNumModel.swift */,
				8543CDCA26BD2A020057A836 /* OrderInsertModel.swift */,
				85B5104F26BDC47600D61AC7 /* GiftPriceUpdateModel.swift */,
				701CF71426BDBA4F00BF9B53 /* DrinkDetailInfoButtonModel.swift */,
				701CF71C26BDD10800BF9B53 /* DrinkDetailInfoNutritionModel.swift */,
				857011D726BDF45000C5C9B2 /* DrinkDetailInfoModel.swift */,
				857011D926BDF5AD00C5C9B2 /* GiftPriceUpdateModel.swift */,
				857011E226BDFBBB00C5C9B2 /* OrderSelectModel.swift */,
				857011E626BDFC3D00C5C9B2 /* OrderCountModel.swift */,
				70297A5326BF2FAC004DDE12 /* SearchDetailModel.swift */,
				997D01AE26BFF2A2004168DC /* SendEmailModel.swift */,
				997D01B026BFF8C7004168DC /* VerifyDuplicatedIdModel.swift */,
				997D01B626C002BB004168DC /* InsertSignInfo.swift */,
				997D01B826C00B2C004168DC /* UserInfoModel.swift */,
				997D01BC26C011AA004168DC /* QueryEmailModel.swift */,
				997D01BE26C01900004168DC /* ChangePwModel.swift */,
				70A0A54426C04834009A33D9 /* SearchSQLiteModel.swift */,
			);
			path = Dao;
			sourceTree = "<group>";
		};
		6980B01A26B585690048DAAB /* Dto */ = {
			isa = PBXGroup;
			children = (
				4F2C598126C063350002763A /* CardModel.swift */,
				6980B01B26B585690048DAAB /* OrderModel.swift */,
				6980B01C26B585690048DAAB /* UserModel.swift */,
				6980B01D26B585690048DAAB /* DrinkModel.swift */,
				4F2C598326C063480002763A /* TestModel.swift */,
				85423B3726B6F7EA00FFEF85 /* PersonalModel.swift */,
				85423B4926B6FBF700FFEF85 /* LocationModel.swift */,
				69E573EF26BAC35E0064CF83 /* HistoryModel.swift */,
				69E573F126BAC3680064CF83 /* ReceiptModel.swift */,
				851AF38C26BBBFC60093B318 /* CartModel.swift */,
				851AF39026BBEE860093B318 /* OrderSendModel.swift */,
				851AF3A226BCC26C0093B318 /* GiftModel.swift */,
				997D01BA26C00C0D004168DC /* LoginUserInfoModel.swift */,
			);
			path = Dto;
			sourceTree = "<group>";
		};
		69E573F926BD2FCE0064CF83 /* SettingControllers */ = {
			isa = PBXGroup;
			children = (
				69E5740826BE43780064CF83 /* SettingViewController.swift */,
				69E573F726BD1C250064CF83 /* SettingTableViewController.swift */,
				69E573FC26BD32F80064CF83 /* VersionViewController.swift */,
				69E5740426BD962B0064CF83 /* MemberDeleteViewController.swift */,
				69E5740626BD9B000064CF83 /* CheckTableViewCell.swift */,
				69E5740A26BE6BFD0064CF83 /* LocationPermissionViewController.swift */,
			);
			path = SettingControllers;
			sourceTree = "<group>";
		};
		70BB20E726BA783D00871D85 /* HomeCustomCell */ = {
			isa = PBXGroup;
			children = (
				70BB20E826BA787000871D85 /* HomeCollectionViewCell.swift */,
				70297A5126BEF013004DDE12 /* SearchDetailTableViewCell.swift */,
				70297A5726BF43BC004DDE12 /* SearchTableViewCell.swift */,
			);
			path = HomeCustomCell;
			sourceTree = "<group>";
		};
		70D9EAD626B2A02A0036255C /* Cover,Home,Search,DrinkDetailControllers */ = {
			isa = PBXGroup;
			children = (
				70D9EAD726B2A0640036255C /* CoverViewController.swift */,
				70D9EAD926B2A5A30036255C /* PermissionViewController.swift */,
				701E9C8D26B2B8550008F6F5 /* ExplainViewController.swift */,
				708D257026B5C575000FCCD7 /* HomeViewController.swift */,
				85DDD67E26B85C1500B97DF7 /* DrinkDetailViewController.swift */,
				701CF71A26BDD0CA00BF9B53 /* NutritionViewController.swift */,
				70297A4D26BEEC6E004DDE12 /* SearchViewController.swift */,
				70297A5526BF36A8004DDE12 /* SearchDetailViewController.swift */,
			);
			path = "Cover,Home,Search,DrinkDetailControllers";
			sourceTree = "<group>";
		};
		85423B2426B6EE9A00FFEF85 /* OrderController */ = {
			isa = PBXGroup;
			children = (
				85423B2526B6EEB200FFEF85 /* AllMenuViewController.swift */,
				85423B2726B6EED100FFEF85 /* MyMenuViewController.swift */,
				85423B2926B6F1E700FFEF85 /* OrderViewController.swift */,
				85423B3D26B6F91C00FFEF85 /* CategoryDetailViewController.swift */,
				85423B4126B6FB2100FFEF85 /* StoreSettingViewController.swift */,
				85423B4326B6FB7C00FFEF85 /* AllStoreTableViewController.swift */,
				85423B4526B6FB9700FFEF85 /* FrequentStoreTableViewController.swift */,
				85423B5126B7169D00FFEF85 /* StoreDetailViewController.swift */,
				85DDD68226B85D8900B97DF7 /* OrderPersonalViewController.swift */,
				85DDD68426B8606B00B97DF7 /* PersonalOptionViewController.swift */,
				3258C15126B8D601006892A6 /* StoreSearchTableViewController.swift */,
				3258C15426B8D635006892A6 /* StoreSearchClickViewController.swift */,
				856F78F326BAA0950092B57C /* PersonalOptionDetailViewController.swift */,
				856F78F526BABD7E0092B57C /* CartViewController.swift */,
				856F78F926BAD7D00092B57C /* DrinkOrderViewController.swift */,
				8543CDC226BD06FA0057A836 /* ConfirmOrderViewController.swift */,
			);
			path = OrderController;
			sourceTree = "<group>";
		};
		85423B2B26B6F39200FFEF85 /* OrderCustomCell */ = {
			isa = PBXGroup;
			children = (
				85423B2C26B6F3B300FFEF85 /* AllMenuTableViewCell.swift */,
				85423B2E26B6F3FE00FFEF85 /* MyMenuTableViewCell.swift */,
				85423B3926B6F8C000FFEF85 /* CategoryDetailTableViewCell.swift */,
				85423B4B26B6FC6800FFEF85 /* AllStoreTableViewCell.swift */,
				85423B4D26B70CD200FFEF85 /* FrequentStoreTableViewCell.swift */,
				85DDD67A26B8587F00B97DF7 /* PersonalOptionContentTableViewCell.swift */,
				85DDD67C26B858C800B97DF7 /* PersonalOptionTitleTableViewCell.swift */,
				3258C15726B8D6A3006892A6 /* StoreSearchTableViewCell.swift */,
				856F790326BAEF9C0092B57C /* CartTableViewCell.swift */,
				851AF38826BBB3A80093B318 /* DrinkOrderTableViewCell.swift */,
				8543CDC626BD0DDD0057A836 /* ConfirmOrderTableViewCell.swift */,
			);
			path = OrderCustomCell;
			sourceTree = "<group>";
		};
		85423B3026B6F6BB00FFEF85 /* ShareVar */ = {
			isa = PBXGroup;
			children = (
				85423B3126B6F6CB00FFEF85 /* ShareVar.swift */,
				856F78EF26BA9BE50092B57C /* SharePersonal.swift */,
				856F78F126BA9C030092B57C /* SharePersonalData.swift */,
				856F78FD26BAD86F0092B57C /* ShareOrder.swift */,
			);
			path = ShareVar;
			sourceTree = "<group>";
		};
		857011DF26BDFB6C00C5C9B2 /* Recovered References */ = {
			isa = PBXGroup;
			children = (
			);
			name = "Recovered References";
			sourceTree = "<group>";
		};
		857F1C3F26B27A210028D3BC = {
			isa = PBXGroup;
			children = (
				857F1C4A26B27A210028D3BC /* IOS_SirenOrder */,
				857F1C4926B27A210028D3BC /* Products */,
				D4091F98A0A77CE0FBBB84F8 /* Pods */,
				D8D41544E8509665EC13F09C /* Frameworks */,
				857011DF26BDFB6C00C5C9B2 /* Recovered References */,
			);
			sourceTree = "<group>";
		};
		857F1C4926B27A210028D3BC /* Products */ = {
			isa = PBXGroup;
			children = (
				857F1C4826B27A210028D3BC /* IOS_SirenOrder.app */,
			);
			name = Products;
			sourceTree = "<group>";
		};
		857F1C4A26B27A210028D3BC /* IOS_SirenOrder */ = {
			isa = PBXGroup;
			children = (
				4F2C597026C061150002763A /* GiftCardView */,
				70BB20E726BA783D00871D85 /* HomeCustomCell */,
				85423B3026B6F6BB00FFEF85 /* ShareVar */,
				85423B2B26B6F39200FFEF85 /* OrderCustomCell */,
				85423B2426B6EE9A00FFEF85 /* OrderController */,
				997120F126B68F0B0026317F /* LoginViewController */,
				6980B01826B585690048DAAB /* Dao */,
				6980B01A26B585690048DAAB /* Dto */,
				6980B00C26B585690048DAAB /* OtherControllers */,
				69E573F926BD2FCE0064CF83 /* SettingControllers */,
				70D9EAD626B2A02A0036255C /* Cover,Home,Search,DrinkDetailControllers */,
				857F1C4B26B27A210028D3BC /* AppDelegate.swift */,
				857F1C4D26B27A210028D3BC /* SceneDelegate.swift */,
				857F1C4F26B27A210028D3BC /* ViewController.swift */,
				857F1C5126B27A210028D3BC /* Main.storyboard */,
				857F1C5426B27A230028D3BC /* Assets.xcassets */,
				857F1C5626B27A230028D3BC /* LaunchScreen.storyboard */,
				857F1C5926B27A230028D3BC /* Info.plist */,
			);
			path = IOS_SirenOrder;
			sourceTree = "<group>";
		};
		997120F126B68F0B0026317F /* LoginViewController */ = {
			isa = PBXGroup;
			children = (
				997120F226B68F980026317F /* SignUpAgreeViewController.swift */,
				997120F426B692280026317F /* SignUpAuthEmailViewController.swift */,
				997120F626B693990026317F /* SignUpIdPwdViewController.swift */,
				997120F826B6957D0026317F /* LoginViewController.swift */,
				9966F1E426B6D6F9003B3DDD /* SignUpNicNameViewController.swift */,
				9966F1E626B6D9A0003B3DDD /* FindUserIdViewController.swift */,
				9966F1E826B6DB56003B3DDD /* CheckFindIdViewController.swift */,
				9966F1EA26B6DE2A003B3DDD /* FindUserPwViewController.swift */,
				9966F1EC26B6E0B9003B3DDD /* ResetPassWordViewController.swift */,
				997D01B226C00035004168DC /* SignUpOkViewController.swift */,
			);
			path = LoginViewController;
			sourceTree = "<group>";
		};
		D4091F98A0A77CE0FBBB84F8 /* Pods */ = {
			isa = PBXGroup;
			children = (
				615FB0826BEB5B7B6461CB8D /* Pods-IOS_SirenOrder.debug.xcconfig */,
				7086B2066E099B664CDD496E /* Pods-IOS_SirenOrder.release.xcconfig */,
			);
			path = Pods;
			sourceTree = "<group>";
		};
		D8D41544E8509665EC13F09C /* Frameworks */ = {
			isa = PBXGroup;
			children = (
				A08F0ADDDE1E5AACCD89525E /* Pods_IOS_SirenOrder.framework */,
			);
			name = Frameworks;
			sourceTree = "<group>";
		};
/* End PBXGroup section */

/* Begin PBXNativeTarget section */
		857F1C4726B27A210028D3BC /* IOS_SirenOrder */ = {
			isa = PBXNativeTarget;
			buildConfigurationList = 857F1C5C26B27A230028D3BC /* Build configuration list for PBXNativeTarget "IOS_SirenOrder" */;
			buildPhases = (
				5D245BA6A2846F2AD6CF7695 /* [CP] Check Pods Manifest.lock */,
				857F1C4426B27A210028D3BC /* Sources */,
				857F1C4526B27A210028D3BC /* Frameworks */,
				857F1C4626B27A210028D3BC /* Resources */,
				9C323A8972959602F9F9E6BA /* [CP] Embed Pods Frameworks */,
			);
			buildRules = (
			);
			dependencies = (
			);
			name = IOS_SirenOrder;
			productName = IOS_SirenOrder;
			productReference = 857F1C4826B27A210028D3BC /* IOS_SirenOrder.app */;
			productType = "com.apple.product-type.application";
		};
/* End PBXNativeTarget section */

/* Begin PBXProject section */
		857F1C4026B27A210028D3BC /* Project object */ = {
			isa = PBXProject;
			attributes = {
				LastSwiftUpdateCheck = 1250;
				LastUpgradeCheck = 1250;
				TargetAttributes = {
					857F1C4726B27A210028D3BC = {
						CreatedOnToolsVersion = 12.5.1;
						LastSwiftMigration = 1250;
					};
				};
			};
			buildConfigurationList = 857F1C4326B27A210028D3BC /* Build configuration list for PBXProject "IOS_SirenOrder" */;
			compatibilityVersion = "Xcode 9.3";
			developmentRegion = en;
			hasScannedForEncodings = 0;
			knownRegions = (
				en,
				Base,
			);
			mainGroup = 857F1C3F26B27A210028D3BC;
			productRefGroup = 857F1C4926B27A210028D3BC /* Products */;
			projectDirPath = "";
			projectRoot = "";
			targets = (
				857F1C4726B27A210028D3BC /* IOS_SirenOrder */,
			);
		};
/* End PBXProject section */

/* Begin PBXResourcesBuildPhase section */
		857F1C4626B27A210028D3BC /* Resources */ = {
			isa = PBXResourcesBuildPhase;
			buildActionMask = 2147483647;
			files = (
				857F1C5826B27A230028D3BC /* LaunchScreen.storyboard in Resources */,
				857F1C5526B27A230028D3BC /* Assets.xcassets in Resources */,
				857F1C5326B27A210028D3BC /* Main.storyboard in Resources */,
			);
			runOnlyForDeploymentPostprocessing = 0;
		};
/* End PBXResourcesBuildPhase section */

/* Begin PBXShellScriptBuildPhase section */
		5D245BA6A2846F2AD6CF7695 /* [CP] Check Pods Manifest.lock */ = {
			isa = PBXShellScriptBuildPhase;
			buildActionMask = 2147483647;
			files = (
			);
			inputFileListPaths = (
			);
			inputPaths = (
				"${PODS_PODFILE_DIR_PATH}/Podfile.lock",
				"${PODS_ROOT}/Manifest.lock",
			);
			name = "[CP] Check Pods Manifest.lock";
			outputFileListPaths = (
			);
			outputPaths = (
				"$(DERIVED_FILE_DIR)/Pods-IOS_SirenOrder-checkManifestLockResult.txt",
			);
			runOnlyForDeploymentPostprocessing = 0;
			shellPath = /bin/sh;
			shellScript = "diff \"${PODS_PODFILE_DIR_PATH}/Podfile.lock\" \"${PODS_ROOT}/Manifest.lock\" > /dev/null\nif [ $? != 0 ] ; then\n    # print error to STDERR\n    echo \"error: The sandbox is not in sync with the Podfile.lock. Run 'pod install' or update your CocoaPods installation.\" >&2\n    exit 1\nfi\n# This output is used by Xcode 'outputs' to avoid re-running this script phase.\necho \"SUCCESS\" > \"${SCRIPT_OUTPUT_FILE_0}\"\n";
			showEnvVarsInLog = 0;
		};
		9C323A8972959602F9F9E6BA /* [CP] Embed Pods Frameworks */ = {
			isa = PBXShellScriptBuildPhase;
			buildActionMask = 2147483647;
			files = (
			);
			inputFileListPaths = (
				"${PODS_ROOT}/Target Support Files/Pods-IOS_SirenOrder/Pods-IOS_SirenOrder-frameworks-${CONFIGURATION}-input-files.xcfilelist",
			);
			name = "[CP] Embed Pods Frameworks";
			outputFileListPaths = (
				"${PODS_ROOT}/Target Support Files/Pods-IOS_SirenOrder/Pods-IOS_SirenOrder-frameworks-${CONFIGURATION}-output-files.xcfilelist",
			);
			runOnlyForDeploymentPostprocessing = 0;
			shellPath = /bin/sh;
			shellScript = "\"${PODS_ROOT}/Target Support Files/Pods-IOS_SirenOrder/Pods-IOS_SirenOrder-frameworks.sh\"\n";
			showEnvVarsInLog = 0;
		};
/* End PBXShellScriptBuildPhase section */

/* Begin PBXSourcesBuildPhase section */
		857F1C4426B27A210028D3BC /* Sources */ = {
			isa = PBXSourcesBuildPhase;
			buildActionMask = 2147483647;
			files = (
				69E5740B26BE6BFD0064CF83 /* LocationPermissionViewController.swift in Sources */,
				69E573EA26B92F430064CF83 /* HistoryDetailViewController.swift in Sources */,
				997120F326B68F980026317F /* SignUpAgreeViewController.swift in Sources */,
				856F78F626BABD7E0092B57C /* CartViewController.swift in Sources */,
				857F1C5026B27A210028D3BC /* ViewController.swift in Sources */,
				4F2C598A26C063C40002763A /* GiftUserCheck.swift in Sources */,
				70297A5226BEF013004DDE12 /* SearchDetailTableViewCell.swift in Sources */,
				85B5105026BDC47600D61AC7 /* GiftPriceUpdateModel.swift in Sources */,
				997D01BD26C011AA004168DC /* QueryEmailModel.swift in Sources */,
				856F78FA26BAD7D00092B57C /* DrinkOrderViewController.swift in Sources */,
				8543CDC326BD06FA0057A836 /* ConfirmOrderViewController.swift in Sources */,
				851AF38D26BBBFC60093B318 /* CartModel.swift in Sources */,
				6980B02526B585690048DAAB /* ReceiptViewController.swift in Sources */,
				85423B4426B6FB7C00FFEF85 /* AllStoreTableViewController.swift in Sources */,
				851AF3A926BCE4980093B318 /* CartCheckModel.swift in Sources */,
				4F2C597E26C0614A0002763A /* GiftCardCollectionViewCell.swift in Sources */,
				701CF71D26BDD10800BF9B53 /* DrinkDetailInfoNutritionModel.swift in Sources */,
				997D01B726C002BB004168DC /* InsertSignInfo.swift in Sources */,
				85423B2626B6EEB200FFEF85 /* AllMenuViewController.swift in Sources */,
				85DDD67F26B85C1500B97DF7 /* DrinkDetailViewController.swift in Sources */,
				4F2C598226C063350002763A /* CardModel.swift in Sources */,
				8543CDC926BD1F3D0057A836 /* OrderNumModel.swift in Sources */,
				856F78F226BA9C030092B57C /* SharePersonalData.swift in Sources */,
				851AF39D26BC335D0093B318 /* CartPriceModel.swift in Sources */,
				857F1C4C26B27A210028D3BC /* AppDelegate.swift in Sources */,
				3258C15526B8D635006892A6 /* StoreSearchClickViewController.swift in Sources */,
				6980B02426B585690048DAAB /* GiftCardViewController.swift in Sources */,
				9966F1E926B6DB56003B3DDD /* CheckFindIdViewController.swift in Sources */,
				6980B02826B585690048DAAB /* ManualViewController.swift in Sources */,
				6980B02026B585690048DAAB /* OtherTableViewController.swift in Sources */,
				70D9EAD826B2A0640036255C /* CoverViewController.swift in Sources */,
				857011DA26BDF5AD00C5C9B2 /* GiftPriceUpdateModel.swift in Sources */,
				70297A5426BF2FAC004DDE12 /* SearchDetailModel.swift in Sources */,
				69E573F026BAC35E0064CF83 /* HistoryModel.swift in Sources */,
				8543CDCB26BD2A020057A836 /* OrderInsertModel.swift in Sources */,
				701CF71526BDBA4F00BF9B53 /* DrinkDetailInfoButtonModel.swift in Sources */,
				856F78F426BAA0950092B57C /* PersonalOptionDetailViewController.swift in Sources */,
				69E5740726BD9B000064CF83 /* CheckTableViewCell.swift in Sources */,
				708D257126B5C575000FCCD7 /* HomeViewController.swift in Sources */,
				85423B2D26B6F3B300FFEF85 /* AllMenuTableViewCell.swift in Sources */,
				70297A5626BF36A8004DDE12 /* SearchDetailViewController.swift in Sources */,
				69E573F226BAC3680064CF83 /* ReceiptModel.swift in Sources */,
				85423B4826B6FBD200FFEF85 /* AllStoreModel.swift in Sources */,
				6980B02326B585690048DAAB /* QnAViewController.swift in Sources */,
				69E5740926BE43780064CF83 /* SettingViewController.swift in Sources */,
				4F2C598C26C064480002763A /* GiftCardList.swift in Sources */,
				85DDD68526B8606B00B97DF7 /* PersonalOptionViewController.swift in Sources */,
				997D01B126BFF8C7004168DC /* VerifyDuplicatedIdModel.swift in Sources */,
				851AF39326BBF2A70093B318 /* CartSelectModel.swift in Sources */,
				85423B4C26B6FC6800FFEF85 /* AllStoreTableViewCell.swift in Sources */,
				6980B01F26B585690048DAAB /* HistoryTableViewCell.swift in Sources */,
				6980B02B26B585690048DAAB /* UserModel.swift in Sources */,
				851AF38926BBB3A80093B318 /* DrinkOrderTableViewCell.swift in Sources */,
				4F2C598426C063480002763A /* TestModel.swift in Sources */,
				4F2C597C26C0614A0002763A /* GiftCardTableViewCell.swift in Sources */,
				85423B4626B6FB9700FFEF85 /* FrequentStoreTableViewController.swift in Sources */,
				4F2C597A26C0614A0002763A /* GiftCardPayDetailViewController.swift in Sources */,
				85423B4626B6FB9700FFEF85 /* FrequentStoreTableViewController.swift in Sources */,
				857011E326BDFBBB00C5C9B2 /* OrderSelectModel.swift in Sources */,
				851AF39926BC1AAA0093B318 /* CartCountUpdateModel.swift in Sources */,
				857011E726BDFC3D00C5C9B2 /* OrderCountModel.swift in Sources */,
				6980B02A26B585690048DAAB /* OrderModel.swift in Sources */,
				997D01BF26C01900004168DC /* ChangePwModel.swift in Sources */,
				70BB20ED26BA79C200871D85 /* HomeRecommendModel.swift in Sources */,
				85DDD68326B85D8900B97DF7 /* OrderPersonalViewController.swift in Sources */,
				9966F1ED26B6E0B9003B3DDD /* ResetPassWordViewController.swift in Sources */,
				9966F1E726B6D9A0003B3DDD /* FindUserIdViewController.swift in Sources */,
				85DDD67726B857F800B97DF7 /* MyMenuDeleteModel.swift in Sources */,
				85423B3826B6F7EA00FFEF85 /* PersonalModel.swift in Sources */,
				997120F526B692280026317F /* SignUpAuthEmailViewController.swift in Sources */,
				69E573F826BD1C250064CF83 /* SettingTableViewController.swift in Sources */,
				997D01BB26C00C0D004168DC /* LoginUserInfoModel.swift in Sources */,
				851AF3A326BCC26C0093B318 /* GiftModel.swift in Sources */,
				6980B02C26B585690048DAAB /* DrinkModel.swift in Sources */,
				997120F726B693990026317F /* SignUpIdPwdViewController.swift in Sources */,
				4F2C597D26C0614A0002763A /* GiftCardListViewController.swift in Sources */,
				70297A5826BF43BC004DDE12 /* SearchTableViewCell.swift in Sources */,
				3258C15826B8D6A3006892A6 /* StoreSearchTableViewCell.swift in Sources */,
				6980B02226B585690048DAAB /* MapViewController.swift in Sources */,
				85423B3A26B6F8C000FFEF85 /* CategoryDetailTableViewCell.swift in Sources */,
				8543CDC726BD0DDD0057A836 /* ConfirmOrderTableViewCell.swift in Sources */,
				4F2C598626C063890002763A /* PaidCardList.swift in Sources */,
				9966F1EB26B6DE2A003B3DDD /* FindUserPwViewController.swift in Sources */,
				701CF71B26BDD0CA00BF9B53 /* NutritionViewController.swift in Sources */,
				6980B02626B585690048DAAB /* NoticeTableViewCell.swift in Sources */,
				69E5740526BD962B0064CF83 /* MemberDeleteViewController.swift in Sources */,
				85423B4A26B6FBF700FFEF85 /* LocationModel.swift in Sources */,
				3258C15226B8D601006892A6 /* StoreSearchTableViewController.swift in Sources */,
				69E573EE26BA7C770064CF83 /* ReceiptTableViewCell.swift in Sources */,
				85DDD67126B8571000B97DF7 /* MyMenuInsertModel.swift in Sources */,
				85423B5026B710F600FFEF85 /* FrequentStoreModel.swift in Sources */,
				856F78F026BA9BE50092B57C /* SharePersonal.swift in Sources */,
				857F1C4E26B27A210028D3BC /* SceneDelegate.swift in Sources */,
				70BB20E926BA787000871D85 /* HomeCollectionViewCell.swift in Sources */,
				69E573F626BAC5D30064CF83 /* ReceiptDetailViewController.swift in Sources */,
				85423B4E26B70CD200FFEF85 /* FrequentStoreTableViewCell.swift in Sources */,
				85423B3E26B6F91C00FFEF85 /* CategoryDetailViewController.swift in Sources */,
				85423B4026B6FA4300FFEF85 /* CategoryDetailModel.swift in Sources */,
				856F790226BAE32E0092B57C /* CartCountModel.swift in Sources */,
				69E573F426BAC4100064CF83 /* ReceiptListModel.swift in Sources */,
				851AF3A126BCC2420093B318 /* GiftPriceModel.swift in Sources */,
				85DDD67326B8575400B97DF7 /* DrinkInfoModel.swift in Sources */,
				85423B5226B7169D00FFEF85 /* StoreDetailViewController.swift in Sources */,
				9966F1E526B6D6F9003B3DDD /* SignUpNicNameViewController.swift in Sources */,
				70297A4E26BEEC6E004DDE12 /* SearchViewController.swift in Sources */,
				857011D826BDF45000C5C9B2 /* DrinkDetailInfoModel.swift in Sources */,
				85423B2A26B6F1E700FFEF85 /* OrderViewController.swift in Sources */,
				6980B01E26B585690048DAAB /* NoticeTableViewController.swift in Sources */,
				701E9C8E26B2B8550008F6F5 /* ExplainViewController.swift in Sources */,
				856F790426BAEF9C0092B57C /* CartTableViewCell.swift in Sources */,
				4F2C597B26C0614A0002763A /* GiftMainViewController.swift in Sources */,
				85423B2826B6EED100FFEF85 /* MyMenuViewController.swift in Sources */,
				6980B02726B585690048DAAB /* HistoryViewController.swift in Sources */,
				4F2C597926C0614A0002763A /* GiftCardPayViewController.swift in Sources */,
				856F78FE26BAD86F0092B57C /* ShareOrder.swift in Sources */,
				6980B02126B585690048DAAB /* PersonalViewController.swift in Sources */,
				4F2C598826C063BB0002763A /* GiftSend.swift in Sources */,
				85423B4226B6FB2100FFEF85 /* StoreSettingViewController.swift in Sources */,
				85DDD67926B8583E00B97DF7 /* CartInsertModel.swift in Sources */,
				6980B02926B585690048DAAB /* HistoryListModel.swift in Sources */,
				70A0A54526C04834009A33D9 /* SearchSQLiteModel.swift in Sources */,
				4F2C598026C0614A0002763A /* GiftCardItemViewController.swift in Sources */,
				4F2C597F26C0614A0002763A /* CardPayListTableViewCell.swift in Sources */,
				851AF39526BC14D50093B318 /* CarttAllDeleteModel.swift in Sources */,
				70BB20EB26BA79B200871D85 /* HomeBestModel.swift in Sources */,
				85423B3626B6F7C100FFEF85 /* MyMenuModel.swift in Sources */,
				69E5740326BD39590064CF83 /* LocationList.swift in Sources */,
				997D01AF26BFF2A2004168DC /* SendEmailModel.swift in Sources */,
				997D01B326C00035004168DC /* SignUpOkViewController.swift in Sources */,
				851AF39126BBEE860093B318 /* OrderSendModel.swift in Sources */,
				85423B3226B6F6CB00FFEF85 /* ShareVar.swift in Sources */,
				85DDD67526B857AB00B97DF7 /* PersonalIdModel.swift in Sources */,
				70BB20EF26BA79D200871D85 /* HomeNewModel.swift in Sources */,
				997D01B926C00B2C004168DC /* UserInfoModel.swift in Sources */,
				85DDD67B26B8587F00B97DF7 /* PersonalOptionContentTableViewCell.swift in Sources */,
				851AF39726BC15890093B318 /* CartDeleteModel.swift in Sources */,
				997120F926B6957D0026317F /* LoginViewController.swift in Sources */,
				85DDD67D26B858C800B97DF7 /* PersonalOptionTitleTableViewCell.swift in Sources */,
				851AF3AB26BCF7850093B318 /* CartForUpdateSelectModel.swift in Sources */,
				85423B2F26B6F3FE00FFEF85 /* MyMenuTableViewCell.swift in Sources */,
				69E573FD26BD32F80064CF83 /* VersionViewController.swift in Sources */,
				70D9EADA26B2A5A30036255C /* PermissionViewController.swift in Sources */,
				3258C15E26B8E16E006892A6 /* StoreSearchModel.swift in Sources */,
			);
			runOnlyForDeploymentPostprocessing = 0;
		};
/* End PBXSourcesBuildPhase section */

/* Begin PBXVariantGroup section */
		857F1C5126B27A210028D3BC /* Main.storyboard */ = {
			isa = PBXVariantGroup;
			children = (
				857F1C5226B27A210028D3BC /* Base */,
			);
			name = Main.storyboard;
			sourceTree = "<group>";
		};
		857F1C5626B27A230028D3BC /* LaunchScreen.storyboard */ = {
			isa = PBXVariantGroup;
			children = (
				857F1C5726B27A230028D3BC /* Base */,
			);
			name = LaunchScreen.storyboard;
			sourceTree = "<group>";
		};
/* End PBXVariantGroup section */

/* Begin XCBuildConfiguration section */
		857F1C5A26B27A230028D3BC /* Debug */ = {
			isa = XCBuildConfiguration;
			buildSettings = {
				ALWAYS_SEARCH_USER_PATHS = NO;
				CLANG_ANALYZER_NONNULL = YES;
				CLANG_ANALYZER_NUMBER_OBJECT_CONVERSION = YES_AGGRESSIVE;
				CLANG_CXX_LANGUAGE_STANDARD = "gnu++14";
				CLANG_CXX_LIBRARY = "libc++";
				CLANG_ENABLE_MODULES = YES;
				CLANG_ENABLE_OBJC_ARC = YES;
				CLANG_ENABLE_OBJC_WEAK = YES;
				CLANG_WARN_BLOCK_CAPTURE_AUTORELEASING = YES;
				CLANG_WARN_BOOL_CONVERSION = YES;
				CLANG_WARN_COMMA = YES;
				CLANG_WARN_CONSTANT_CONVERSION = YES;
				CLANG_WARN_DEPRECATED_OBJC_IMPLEMENTATIONS = YES;
				CLANG_WARN_DIRECT_OBJC_ISA_USAGE = YES_ERROR;
				CLANG_WARN_DOCUMENTATION_COMMENTS = YES;
				CLANG_WARN_EMPTY_BODY = YES;
				CLANG_WARN_ENUM_CONVERSION = YES;
				CLANG_WARN_INFINITE_RECURSION = YES;
				CLANG_WARN_INT_CONVERSION = YES;
				CLANG_WARN_NON_LITERAL_NULL_CONVERSION = YES;
				CLANG_WARN_OBJC_IMPLICIT_RETAIN_SELF = YES;
				CLANG_WARN_OBJC_LITERAL_CONVERSION = YES;
				CLANG_WARN_OBJC_ROOT_CLASS = YES_ERROR;
				CLANG_WARN_QUOTED_INCLUDE_IN_FRAMEWORK_HEADER = YES;
				CLANG_WARN_RANGE_LOOP_ANALYSIS = YES;
				CLANG_WARN_STRICT_PROTOTYPES = YES;
				CLANG_WARN_SUSPICIOUS_MOVE = YES;
				CLANG_WARN_UNGUARDED_AVAILABILITY = YES_AGGRESSIVE;
				CLANG_WARN_UNREACHABLE_CODE = YES;
				CLANG_WARN__DUPLICATE_METHOD_MATCH = YES;
				COPY_PHASE_STRIP = NO;
				DEBUG_INFORMATION_FORMAT = dwarf;
				ENABLE_STRICT_OBJC_MSGSEND = YES;
				ENABLE_TESTABILITY = YES;
				GCC_C_LANGUAGE_STANDARD = gnu11;
				GCC_DYNAMIC_NO_PIC = NO;
				GCC_NO_COMMON_BLOCKS = YES;
				GCC_OPTIMIZATION_LEVEL = 0;
				GCC_PREPROCESSOR_DEFINITIONS = (
					"DEBUG=1",
					"$(inherited)",
				);
				GCC_WARN_64_TO_32_BIT_CONVERSION = YES;
				GCC_WARN_ABOUT_RETURN_TYPE = YES_ERROR;
				GCC_WARN_UNDECLARED_SELECTOR = YES;
				GCC_WARN_UNINITIALIZED_AUTOS = YES_AGGRESSIVE;
				GCC_WARN_UNUSED_FUNCTION = YES;
				GCC_WARN_UNUSED_VARIABLE = YES;
				IPHONEOS_DEPLOYMENT_TARGET = 14.5;
				MTL_ENABLE_DEBUG_INFO = INCLUDE_SOURCE;
				MTL_FAST_MATH = YES;
				ONLY_ACTIVE_ARCH = YES;
				SDKROOT = iphoneos;
				SWIFT_ACTIVE_COMPILATION_CONDITIONS = DEBUG;
				SWIFT_OPTIMIZATION_LEVEL = "-Onone";
			};
			name = Debug;
		};
		857F1C5B26B27A230028D3BC /* Release */ = {
			isa = XCBuildConfiguration;
			buildSettings = {
				ALWAYS_SEARCH_USER_PATHS = NO;
				CLANG_ANALYZER_NONNULL = YES;
				CLANG_ANALYZER_NUMBER_OBJECT_CONVERSION = YES_AGGRESSIVE;
				CLANG_CXX_LANGUAGE_STANDARD = "gnu++14";
				CLANG_CXX_LIBRARY = "libc++";
				CLANG_ENABLE_MODULES = YES;
				CLANG_ENABLE_OBJC_ARC = YES;
				CLANG_ENABLE_OBJC_WEAK = YES;
				CLANG_WARN_BLOCK_CAPTURE_AUTORELEASING = YES;
				CLANG_WARN_BOOL_CONVERSION = YES;
				CLANG_WARN_COMMA = YES;
				CLANG_WARN_CONSTANT_CONVERSION = YES;
				CLANG_WARN_DEPRECATED_OBJC_IMPLEMENTATIONS = YES;
				CLANG_WARN_DIRECT_OBJC_ISA_USAGE = YES_ERROR;
				CLANG_WARN_DOCUMENTATION_COMMENTS = YES;
				CLANG_WARN_EMPTY_BODY = YES;
				CLANG_WARN_ENUM_CONVERSION = YES;
				CLANG_WARN_INFINITE_RECURSION = YES;
				CLANG_WARN_INT_CONVERSION = YES;
				CLANG_WARN_NON_LITERAL_NULL_CONVERSION = YES;
				CLANG_WARN_OBJC_IMPLICIT_RETAIN_SELF = YES;
				CLANG_WARN_OBJC_LITERAL_CONVERSION = YES;
				CLANG_WARN_OBJC_ROOT_CLASS = YES_ERROR;
				CLANG_WARN_QUOTED_INCLUDE_IN_FRAMEWORK_HEADER = YES;
				CLANG_WARN_RANGE_LOOP_ANALYSIS = YES;
				CLANG_WARN_STRICT_PROTOTYPES = YES;
				CLANG_WARN_SUSPICIOUS_MOVE = YES;
				CLANG_WARN_UNGUARDED_AVAILABILITY = YES_AGGRESSIVE;
				CLANG_WARN_UNREACHABLE_CODE = YES;
				CLANG_WARN__DUPLICATE_METHOD_MATCH = YES;
				COPY_PHASE_STRIP = NO;
				DEBUG_INFORMATION_FORMAT = "dwarf-with-dsym";
				ENABLE_NS_ASSERTIONS = NO;
				ENABLE_STRICT_OBJC_MSGSEND = YES;
				GCC_C_LANGUAGE_STANDARD = gnu11;
				GCC_NO_COMMON_BLOCKS = YES;
				GCC_WARN_64_TO_32_BIT_CONVERSION = YES;
				GCC_WARN_ABOUT_RETURN_TYPE = YES_ERROR;
				GCC_WARN_UNDECLARED_SELECTOR = YES;
				GCC_WARN_UNINITIALIZED_AUTOS = YES_AGGRESSIVE;
				GCC_WARN_UNUSED_FUNCTION = YES;
				GCC_WARN_UNUSED_VARIABLE = YES;
				IPHONEOS_DEPLOYMENT_TARGET = 14.5;
				MTL_ENABLE_DEBUG_INFO = NO;
				MTL_FAST_MATH = YES;
				SDKROOT = iphoneos;
				SWIFT_COMPILATION_MODE = wholemodule;
				SWIFT_OPTIMIZATION_LEVEL = "-O";
				VALIDATE_PRODUCT = YES;
			};
			name = Release;
		};
		857F1C5D26B27A230028D3BC /* Debug */ = {
			isa = XCBuildConfiguration;
			baseConfigurationReference = 615FB0826BEB5B7B6461CB8D /* Pods-IOS_SirenOrder.debug.xcconfig */;
			buildSettings = {
				ASSETCATALOG_COMPILER_APPICON_NAME = AppIcon;
				ASSETCATALOG_COMPILER_GLOBAL_ACCENT_COLOR_NAME = AccentColor;
				CLANG_ENABLE_MODULES = YES;
				CODE_SIGN_STYLE = Automatic;
				DEVELOPMENT_TEAM = "";
				INFOPLIST_FILE = IOS_SirenOrder/Info.plist;
				IPHONEOS_DEPLOYMENT_TARGET = 13.0;
				LD_RUNPATH_SEARCH_PATHS = (
					"$(inherited)",
					"@executable_path/Frameworks",
				);
				PRODUCT_BUNDLE_IDENTIFIER = "com.hyeji.IOS-SirenOrder";
				PRODUCT_NAME = "$(TARGET_NAME)";
				SWIFT_OBJC_BRIDGING_HEADER = "";
				SWIFT_OPTIMIZATION_LEVEL = "-Onone";
				SWIFT_VERSION = 5.0;
				TARGETED_DEVICE_FAMILY = "1,2";
			};
			name = Debug;
		};
		857F1C5E26B27A230028D3BC /* Release */ = {
			isa = XCBuildConfiguration;
			baseConfigurationReference = 7086B2066E099B664CDD496E /* Pods-IOS_SirenOrder.release.xcconfig */;
			buildSettings = {
				ASSETCATALOG_COMPILER_APPICON_NAME = AppIcon;
				ASSETCATALOG_COMPILER_GLOBAL_ACCENT_COLOR_NAME = AccentColor;
				CLANG_ENABLE_MODULES = YES;
				CODE_SIGN_STYLE = Automatic;
				DEVELOPMENT_TEAM = "";
				INFOPLIST_FILE = IOS_SirenOrder/Info.plist;
				IPHONEOS_DEPLOYMENT_TARGET = 13.0;
				LD_RUNPATH_SEARCH_PATHS = (
					"$(inherited)",
					"@executable_path/Frameworks",
				);
				PRODUCT_BUNDLE_IDENTIFIER = "com.hyeji.IOS-SirenOrder";
				PRODUCT_NAME = "$(TARGET_NAME)";
				SWIFT_OBJC_BRIDGING_HEADER = "";
				SWIFT_VERSION = 5.0;
				TARGETED_DEVICE_FAMILY = "1,2";
			};
			name = Release;
		};
/* End XCBuildConfiguration section */

/* Begin XCConfigurationList section */
		857F1C4326B27A210028D3BC /* Build configuration list for PBXProject "IOS_SirenOrder" */ = {
			isa = XCConfigurationList;
			buildConfigurations = (
				857F1C5A26B27A230028D3BC /* Debug */,
				857F1C5B26B27A230028D3BC /* Release */,
			);
			defaultConfigurationIsVisible = 0;
			defaultConfigurationName = Release;
		};
		857F1C5C26B27A230028D3BC /* Build configuration list for PBXNativeTarget "IOS_SirenOrder" */ = {
			isa = XCConfigurationList;
			buildConfigurations = (
				857F1C5D26B27A230028D3BC /* Debug */,
				857F1C5E26B27A230028D3BC /* Release */,
			);
			defaultConfigurationIsVisible = 0;
			defaultConfigurationName = Release;
		};
/* End XCConfigurationList section */
	};
	rootObject = 857F1C4026B27A210028D3BC /* Project object */;
}
